<?xml version="1.0" encoding="UTF-8"?>
<Project ToolsVersion="14.0" xmlns="http://schemas.microsoft.com/developer/msbuild/2003">
  <ItemGroup>
    <CustomBuild Include="C:\Users\Tobbe\Desktop\godgame\bullet\CMakeFiles\8864d276fcf631289281564a8c402441\INSTALL_force.rule">
      <Filter>CMake Rules</Filter>
    </CustomBuild>
  </ItemGroup>
  <ItemGroup>
    <Filter Include="CMake Rules">
      <UniqueIdentifier>{CE31F174-30A2-35C7-87EE-877E6B50FE81}</UniqueIdentifier>
    </Filter>
  </ItemGroup>
</Project>
