
Microsoft Visual Studio Solution File, Format Version 12.00
# Visual Studio 14
VisualStudioVersion = 14.0.25420.1
MinimumVisualStudioVersion = 10.0.40219.1
Project("{8BC9CEB8-8B4A-11D0-8D11-00A0C91BC942}") = "godgame2", "godgame2\godgame2.vcxproj", "{66F33D01-B3B8-4EA2-9C15-4C8B5B9CC722}"
EndProject
Project("{8BC9CEB8-8B4A-11D0-8D11-00A0C91BC942}") = "LinearMath", "..\bullet\src\LinearMath\LinearMath.vcxproj", "{3A523149-18D1-3734-94EA-9C2D6F1ECCCB}"
	ProjectSection(ProjectDependencies) = postProject
		{6992674D-2FF8-37AA-9A30-22CDEB8D453C} = {6992674D-2FF8-37AA-9A30-22CDEB8D453C}
		{C6E63250-05DF-3A12-9B1C-A03C3950BC53} = {C6E63250-05DF-3A12-9B1C-A03C3950BC53}
	EndProjectSection
EndProject
Project("{8BC9CEB8-8B4A-11D0-8D11-00A0C91BC942}") = "BulletCollision", "..\bullet\src\BulletCollision\BulletCollision.vcxproj", "{C6E63250-05DF-3A12-9B1C-A03C3950BC53}"
EndProject
Project("{8BC9CEB8-8B4A-11D0-8D11-00A0C91BC942}") = "BulletDynamics", "..\bullet\src\BulletDynamics\BulletDynamics.vcxproj", "{6992674D-2FF8-37AA-9A30-22CDEB8D453C}"
EndProject
Project("{8BC9CEB8-8B4A-11D0-8D11-00A0C91BC942}") = "freetype", "..\..\freetype-2.4.0\builds\win32\vc2008\freetype.vcxproj", "{78B079BD-9FC7-4B9E-B4A6-96DA0F00248B}"
EndProject
Global
	GlobalSection(SolutionConfigurationPlatforms) = preSolution
		Debug Multithreaded|x64 = Debug Multithreaded|x64
		Debug Multithreaded|x86 = Debug Multithreaded|x86
		Debug Singlethreaded|x64 = Debug Singlethreaded|x64
		Debug Singlethreaded|x86 = Debug Singlethreaded|x86
		Debug|x64 = Debug|x64
		Debug|x86 = Debug|x86
		MinSizeRel|x64 = MinSizeRel|x64
		MinSizeRel|x86 = MinSizeRel|x86
		Release Multithreaded|x64 = Release Multithreaded|x64
		Release Multithreaded|x86 = Release Multithreaded|x86
		Release Singlethreaded|x64 = Release Singlethreaded|x64
		Release Singlethreaded|x86 = Release Singlethreaded|x86
		Release|x64 = Release|x64
		Release|x86 = Release|x86
		RelWithDebInfo|x64 = RelWithDebInfo|x64
		RelWithDebInfo|x86 = RelWithDebInfo|x86
	EndGlobalSection
	GlobalSection(ProjectConfigurationPlatforms) = postSolution
		{66F33D01-B3B8-4EA2-9C15-4C8B5B9CC722}.Debug Multithreaded|x64.ActiveCfg = Debug|x64
		{66F33D01-B3B8-4EA2-9C15-4C8B5B9CC722}.Debug Multithreaded|x64.Build.0 = Debug|x64
		{66F33D01-B3B8-4EA2-9C15-4C8B5B9CC722}.Debug Multithreaded|x86.ActiveCfg = Debug|Win32
		{66F33D01-B3B8-4EA2-9C15-4C8B5B9CC722}.Debug Multithreaded|x86.Build.0 = Debug|Win32
		{66F33D01-B3B8-4EA2-9C15-4C8B5B9CC722}.Debug Singlethreaded|x64.ActiveCfg = Debug|x64
		{66F33D01-B3B8-4EA2-9C15-4C8B5B9CC722}.Debug Singlethreaded|x64.Build.0 = Debug|x64
		{66F33D01-B3B8-4EA2-9C15-4C8B5B9CC722}.Debug Singlethreaded|x86.ActiveCfg = Debug|Win32
		{66F33D01-B3B8-4EA2-9C15-4C8B5B9CC722}.Debug Singlethreaded|x86.Build.0 = Debug|Win32
		{66F33D01-B3B8-4EA2-9C15-4C8B5B9CC722}.Debug|x64.ActiveCfg = Debug|x64
		{66F33D01-B3B8-4EA2-9C15-4C8B5B9CC722}.Debug|x64.Build.0 = Debug|x64
		{66F33D01-B3B8-4EA2-9C15-4C8B5B9CC722}.Debug|x86.ActiveCfg = Debug|Win32
		{66F33D01-B3B8-4EA2-9C15-4C8B5B9CC722}.Debug|x86.Build.0 = Debug|Win32
		{66F33D01-B3B8-4EA2-9C15-4C8B5B9CC722}.MinSizeRel|x64.ActiveCfg = Release|x64
		{66F33D01-B3B8-4EA2-9C15-4C8B5B9CC722}.MinSizeRel|x64.Build.0 = Release|x64
		{66F33D01-B3B8-4EA2-9C15-4C8B5B9CC722}.MinSizeRel|x86.ActiveCfg = Release|Win32
		{66F33D01-B3B8-4EA2-9C15-4C8B5B9CC722}.MinSizeRel|x86.Build.0 = Release|Win32
		{66F33D01-B3B8-4EA2-9C15-4C8B5B9CC722}.Release Multithreaded|x64.ActiveCfg = Release|x64
		{66F33D01-B3B8-4EA2-9C15-4C8B5B9CC722}.Release Multithreaded|x64.Build.0 = Release|x64
		{66F33D01-B3B8-4EA2-9C15-4C8B5B9CC722}.Release Multithreaded|x86.ActiveCfg = Release|Win32
		{66F33D01-B3B8-4EA2-9C15-4C8B5B9CC722}.Release Multithreaded|x86.Build.0 = Release|Win32
		{66F33D01-B3B8-4EA2-9C15-4C8B5B9CC722}.Release Singlethreaded|x64.ActiveCfg = Release|x64
		{66F33D01-B3B8-4EA2-9C15-4C8B5B9CC722}.Release Singlethreaded|x64.Build.0 = Release|x64
		{66F33D01-B3B8-4EA2-9C15-4C8B5B9CC722}.Release Singlethreaded|x86.ActiveCfg = Release|Win32
		{66F33D01-B3B8-4EA2-9C15-4C8B5B9CC722}.Release Singlethreaded|x86.Build.0 = Release|Win32
		{66F33D01-B3B8-4EA2-9C15-4C8B5B9CC722}.Release|x64.ActiveCfg = Release|x64
		{66F33D01-B3B8-4EA2-9C15-4C8B5B9CC722}.Release|x64.Build.0 = Release|x64
		{66F33D01-B3B8-4EA2-9C15-4C8B5B9CC722}.Release|x86.ActiveCfg = Release|Win32
		{66F33D01-B3B8-4EA2-9C15-4C8B5B9CC722}.Release|x86.Build.0 = Release|Win32
		{66F33D01-B3B8-4EA2-9C15-4C8B5B9CC722}.RelWithDebInfo|x64.ActiveCfg = Release|x64
		{66F33D01-B3B8-4EA2-9C15-4C8B5B9CC722}.RelWithDebInfo|x64.Build.0 = Release|x64
		{66F33D01-B3B8-4EA2-9C15-4C8B5B9CC722}.RelWithDebInfo|x86.ActiveCfg = Release|Win32
		{66F33D01-B3B8-4EA2-9C15-4C8B5B9CC722}.RelWithDebInfo|x86.Build.0 = Release|Win32
		{3A523149-18D1-3734-94EA-9C2D6F1ECCCB}.Debug Multithreaded|x64.ActiveCfg = RelWithDebInfo|Win32
		{3A523149-18D1-3734-94EA-9C2D6F1ECCCB}.Debug Multithreaded|x64.Build.0 = RelWithDebInfo|Win32
		{3A523149-18D1-3734-94EA-9C2D6F1ECCCB}.Debug Multithreaded|x86.ActiveCfg = Debug|Win32
		{3A523149-18D1-3734-94EA-9C2D6F1ECCCB}.Debug Multithreaded|x86.Build.0 = Debug|Win32
		{3A523149-18D1-3734-94EA-9C2D6F1ECCCB}.Debug Singlethreaded|x64.ActiveCfg = RelWithDebInfo|Win32
		{3A523149-18D1-3734-94EA-9C2D6F1ECCCB}.Debug Singlethreaded|x64.Build.0 = RelWithDebInfo|Win32
		{3A523149-18D1-3734-94EA-9C2D6F1ECCCB}.Debug Singlethreaded|x86.ActiveCfg = Debug|Win32
		{3A523149-18D1-3734-94EA-9C2D6F1ECCCB}.Debug Singlethreaded|x86.Build.0 = Debug|Win32
		{3A523149-18D1-3734-94EA-9C2D6F1ECCCB}.Debug|x64.ActiveCfg = Debug|Win32
		{3A523149-18D1-3734-94EA-9C2D6F1ECCCB}.Debug|x86.ActiveCfg = Debug|Win32
		{3A523149-18D1-3734-94EA-9C2D6F1ECCCB}.Debug|x86.Build.0 = Debug|Win32
		{3A523149-18D1-3734-94EA-9C2D6F1ECCCB}.MinSizeRel|x64.ActiveCfg = MinSizeRel|Win32
		{3A523149-18D1-3734-94EA-9C2D6F1ECCCB}.MinSizeRel|x86.ActiveCfg = MinSizeRel|Win32
		{3A523149-18D1-3734-94EA-9C2D6F1ECCCB}.MinSizeRel|x86.Build.0 = MinSizeRel|Win32
		{3A523149-18D1-3734-94EA-9C2D6F1ECCCB}.Release Multithreaded|x64.ActiveCfg = RelWithDebInfo|Win32
		{3A523149-18D1-3734-94EA-9C2D6F1ECCCB}.Release Multithreaded|x64.Build.0 = RelWithDebInfo|Win32
		{3A523149-18D1-3734-94EA-9C2D6F1ECCCB}.Release Multithreaded|x86.ActiveCfg = Release|Win32
		{3A523149-18D1-3734-94EA-9C2D6F1ECCCB}.Release Multithreaded|x86.Build.0 = Release|Win32
		{3A523149-18D1-3734-94EA-9C2D6F1ECCCB}.Release Singlethreaded|x64.ActiveCfg = RelWithDebInfo|Win32
		{3A523149-18D1-3734-94EA-9C2D6F1ECCCB}.Release Singlethreaded|x64.Build.0 = RelWithDebInfo|Win32
		{3A523149-18D1-3734-94EA-9C2D6F1ECCCB}.Release Singlethreaded|x86.ActiveCfg = Release|Win32
		{3A523149-18D1-3734-94EA-9C2D6F1ECCCB}.Release Singlethreaded|x86.Build.0 = Release|Win32
		{3A523149-18D1-3734-94EA-9C2D6F1ECCCB}.Release|x64.ActiveCfg = Release|Win32
		{3A523149-18D1-3734-94EA-9C2D6F1ECCCB}.Release|x86.ActiveCfg = Release|Win32
		{3A523149-18D1-3734-94EA-9C2D6F1ECCCB}.Release|x86.Build.0 = Release|Win32
		{3A523149-18D1-3734-94EA-9C2D6F1ECCCB}.RelWithDebInfo|x64.ActiveCfg = RelWithDebInfo|Win32
		{3A523149-18D1-3734-94EA-9C2D6F1ECCCB}.RelWithDebInfo|x86.ActiveCfg = RelWithDebInfo|Win32
		{3A523149-18D1-3734-94EA-9C2D6F1ECCCB}.RelWithDebInfo|x86.Build.0 = RelWithDebInfo|Win32
		{C6E63250-05DF-3A12-9B1C-A03C3950BC53}.Debug Multithreaded|x64.ActiveCfg = RelWithDebInfo|Win32
		{C6E63250-05DF-3A12-9B1C-A03C3950BC53}.Debug Multithreaded|x64.Build.0 = RelWithDebInfo|Win32
		{C6E63250-05DF-3A12-9B1C-A03C3950BC53}.Debug Multithreaded|x86.ActiveCfg = Debug|Win32
		{C6E63250-05DF-3A12-9B1C-A03C3950BC53}.Debug Multithreaded|x86.Build.0 = Debug|Win32
		{C6E63250-05DF-3A12-9B1C-A03C3950BC53}.Debug Singlethreaded|x64.ActiveCfg = RelWithDebInfo|Win32
		{C6E63250-05DF-3A12-9B1C-A03C3950BC53}.Debug Singlethreaded|x64.Build.0 = RelWithDebInfo|Win32
		{C6E63250-05DF-3A12-9B1C-A03C3950BC53}.Debug Singlethreaded|x86.ActiveCfg = Debug|Win32
		{C6E63250-05DF-3A12-9B1C-A03C3950BC53}.Debug Singlethreaded|x86.Build.0 = Debug|Win32
		{C6E63250-05DF-3A12-9B1C-A03C3950BC53}.Debug|x64.ActiveCfg = Debug|Win32
		{C6E63250-05DF-3A12-9B1C-A03C3950BC53}.Debug|x86.ActiveCfg = Debug|Win32
		{C6E63250-05DF-3A12-9B1C-A03C3950BC53}.Debug|x86.Build.0 = Debug|Win32
		{C6E63250-05DF-3A12-9B1C-A03C3950BC53}.MinSizeRel|x64.ActiveCfg = MinSizeRel|Win32
		{C6E63250-05DF-3A12-9B1C-A03C3950BC53}.MinSizeRel|x86.ActiveCfg = MinSizeRel|Win32
		{C6E63250-05DF-3A12-9B1C-A03C3950BC53}.MinSizeRel|x86.Build.0 = MinSizeRel|Win32
		{C6E63250-05DF-3A12-9B1C-A03C3950BC53}.Release Multithreaded|x64.ActiveCfg = RelWithDebInfo|Win32
		{C6E63250-05DF-3A12-9B1C-A03C3950BC53}.Release Multithreaded|x64.Build.0 = RelWithDebInfo|Win32
		{C6E63250-05DF-3A12-9B1C-A03C3950BC53}.Release Multithreaded|x86.ActiveCfg = Release|Win32
		{C6E63250-05DF-3A12-9B1C-A03C3950BC53}.Release Multithreaded|x86.Build.0 = Release|Win32
		{C6E63250-05DF-3A12-9B1C-A03C3950BC53}.Release Singlethreaded|x64.ActiveCfg = RelWithDebInfo|Win32
		{C6E63250-05DF-3A12-9B1C-A03C3950BC53}.Release Singlethreaded|x64.Build.0 = RelWithDebInfo|Win32
		{C6E63250-05DF-3A12-9B1C-A03C3950BC53}.Release Singlethreaded|x86.ActiveCfg = Release|Win32
		{C6E63250-05DF-3A12-9B1C-A03C3950BC53}.Release Singlethreaded|x86.Build.0 = Release|Win32
		{C6E63250-05DF-3A12-9B1C-A03C3950BC53}.Release|x64.ActiveCfg = Release|Win32
		{C6E63250-05DF-3A12-9B1C-A03C3950BC53}.Release|x86.ActiveCfg = Release|Win32
		{C6E63250-05DF-3A12-9B1C-A03C3950BC53}.Release|x86.Build.0 = Release|Win32
		{C6E63250-05DF-3A12-9B1C-A03C3950BC53}.RelWithDebInfo|x64.ActiveCfg = RelWithDebInfo|Win32
		{C6E63250-05DF-3A12-9B1C-A03C3950BC53}.RelWithDebInfo|x86.ActiveCfg = RelWithDebInfo|Win32
		{C6E63250-05DF-3A12-9B1C-A03C3950BC53}.RelWithDebInfo|x86.Build.0 = RelWithDebInfo|Win32
		{6992674D-2FF8-37AA-9A30-22CDEB8D453C}.Debug Multithreaded|x64.ActiveCfg = RelWithDebInfo|Win32
		{6992674D-2FF8-37AA-9A30-22CDEB8D453C}.Debug Multithreaded|x64.Build.0 = RelWithDebInfo|Win32
		{6992674D-2FF8-37AA-9A30-22CDEB8D453C}.Debug Multithreaded|x86.ActiveCfg = Debug|Win32
		{6992674D-2FF8-37AA-9A30-22CDEB8D453C}.Debug Multithreaded|x86.Build.0 = Debug|Win32
		{6992674D-2FF8-37AA-9A30-22CDEB8D453C}.Debug Singlethreaded|x64.ActiveCfg = RelWithDebInfo|Win32
		{6992674D-2FF8-37AA-9A30-22CDEB8D453C}.Debug Singlethreaded|x64.Build.0 = RelWithDebInfo|Win32
		{6992674D-2FF8-37AA-9A30-22CDEB8D453C}.Debug Singlethreaded|x86.ActiveCfg = Debug|Win32
		{6992674D-2FF8-37AA-9A30-22CDEB8D453C}.Debug Singlethreaded|x86.Build.0 = Debug|Win32
		{6992674D-2FF8-37AA-9A30-22CDEB8D453C}.Debug|x64.ActiveCfg = Debug|Win32
		{6992674D-2FF8-37AA-9A30-22CDEB8D453C}.Debug|x86.ActiveCfg = Debug|Win32
		{6992674D-2FF8-37AA-9A30-22CDEB8D453C}.Debug|x86.Build.0 = Debug|Win32
		{6992674D-2FF8-37AA-9A30-22CDEB8D453C}.MinSizeRel|x64.ActiveCfg = MinSizeRel|Win32
		{6992674D-2FF8-37AA-9A30-22CDEB8D453C}.MinSizeRel|x86.ActiveCfg = MinSizeRel|Win32
		{6992674D-2FF8-37AA-9A30-22CDEB8D453C}.MinSizeRel|x86.Build.0 = MinSizeRel|Win32
		{6992674D-2FF8-37AA-9A30-22CDEB8D453C}.Release Multithreaded|x64.ActiveCfg = RelWithDebInfo|Win32
		{6992674D-2FF8-37AA-9A30-22CDEB8D453C}.Release Multithreaded|x64.Build.0 = RelWithDebInfo|Win32
		{6992674D-2FF8-37AA-9A30-22CDEB8D453C}.Release Multithreaded|x86.ActiveCfg = Release|Win32
		{6992674D-2FF8-37AA-9A30-22CDEB8D453C}.Release Multithreaded|x86.Build.0 = Release|Win32
		{6992674D-2FF8-37AA-9A30-22CDEB8D453C}.Release Singlethreaded|x64.ActiveCfg = RelWithDebInfo|Win32
		{6992674D-2FF8-37AA-9A30-22CDEB8D453C}.Release Singlethreaded|x64.Build.0 = RelWithDebInfo|Win32
		{6992674D-2FF8-37AA-9A30-22CDEB8D453C}.Release Singlethreaded|x86.ActiveCfg = Release|Win32
		{6992674D-2FF8-37AA-9A30-22CDEB8D453C}.Release Singlethreaded|x86.Build.0 = Release|Win32
		{6992674D-2FF8-37AA-9A30-22CDEB8D453C}.Release|x64.ActiveCfg = Release|Win32
		{6992674D-2FF8-37AA-9A30-22CDEB8D453C}.Release|x86.ActiveCfg = Release|Win32
		{6992674D-2FF8-37AA-9A30-22CDEB8D453C}.Release|x86.Build.0 = Release|Win32
		{6992674D-2FF8-37AA-9A30-22CDEB8D453C}.RelWithDebInfo|x64.ActiveCfg = RelWithDebInfo|Win32
		{6992674D-2FF8-37AA-9A30-22CDEB8D453C}.RelWithDebInfo|x86.ActiveCfg = RelWithDebInfo|Win32
		{6992674D-2FF8-37AA-9A30-22CDEB8D453C}.RelWithDebInfo|x86.Build.0 = RelWithDebInfo|Win32
		{78B079BD-9FC7-4B9E-B4A6-96DA0F00248B}.Debug Multithreaded|x64.ActiveCfg = Debug Multithreaded|Win32
		{78B079BD-9FC7-4B9E-B4A6-96DA0F00248B}.Debug Multithreaded|x86.ActiveCfg = Debug Multithreaded|Win32
		{78B079BD-9FC7-4B9E-B4A6-96DA0F00248B}.Debug Multithreaded|x86.Build.0 = Debug Multithreaded|Win32
		{78B079BD-9FC7-4B9E-B4A6-96DA0F00248B}.Debug Singlethreaded|x64.ActiveCfg = Debug Singlethreaded|Win32
		{78B079BD-9FC7-4B9E-B4A6-96DA0F00248B}.Debug Singlethreaded|x86.ActiveCfg = Debug Singlethreaded|Win32
		{78B079BD-9FC7-4B9E-B4A6-96DA0F00248B}.Debug Singlethreaded|x86.Build.0 = Debug Singlethreaded|Win32
		{78B079BD-9FC7-4B9E-B4A6-96DA0F00248B}.Debug|x64.ActiveCfg = Debug|Win32
		{78B079BD-9FC7-4B9E-B4A6-96DA0F00248B}.Debug|x86.ActiveCfg = Debug|Win32
		{78B079BD-9FC7-4B9E-B4A6-96DA0F00248B}.Debug|x86.Build.0 = Debug|Win32
		{78B079BD-9FC7-4B9E-B4A6-96DA0F00248B}.MinSizeRel|x64.ActiveCfg = Debug Multithreaded|Win32
		{78B079BD-9FC7-4B9E-B4A6-96DA0F00248B}.MinSizeRel|x64.Build.0 = Debug Multithreaded|Win32
		{78B079BD-9FC7-4B9E-B4A6-96DA0F00248B}.MinSizeRel|x86.ActiveCfg = Debug Multithreaded|Win32
		{78B079BD-9FC7-4B9E-B4A6-96DA0F00248B}.MinSizeRel|x86.Build.0 = Debug Multithreaded|Win32
		{78B079BD-9FC7-4B9E-B4A6-96DA0F00248B}.Release Multithreaded|x64.ActiveCfg = Release Multithreaded|Win32
		{78B079BD-9FC7-4B9E-B4A6-96DA0F00248B}.Release Multithreaded|x86.ActiveCfg = Release Multithreaded|Win32
		{78B079BD-9FC7-4B9E-B4A6-96DA0F00248B}.Release Multithreaded|x86.Build.0 = Release Multithreaded|Win32
		{78B079BD-9FC7-4B9E-B4A6-96DA0F00248B}.Release Singlethreaded|x64.ActiveCfg = Release Singlethreaded|Win32
		{78B079BD-9FC7-4B9E-B4A6-96DA0F00248B}.Release Singlethreaded|x86.ActiveCfg = Release Singlethreaded|Win32
		{78B079BD-9FC7-4B9E-B4A6-96DA0F00248B}.Release Singlethreaded|x86.Build.0 = Release Singlethreaded|Win32
		{78B079BD-9FC7-4B9E-B4A6-96DA0F00248B}.Release|x64.ActiveCfg = Release|Win32
		{78B079BD-9FC7-4B9E-B4A6-96DA0F00248B}.Release|x86.ActiveCfg = Release|Win32
		{78B079BD-9FC7-4B9E-B4A6-96DA0F00248B}.Release|x86.Build.0 = Release|Win32
		{78B079BD-9FC7-4B9E-B4A6-96DA0F00248B}.RelWithDebInfo|x64.ActiveCfg = Debug Multithreaded|Win32
		{78B079BD-9FC7-4B9E-B4A6-96DA0F00248B}.RelWithDebInfo|x64.Build.0 = Debug Multithreaded|Win32
		{78B079BD-9FC7-4B9E-B4A6-96DA0F00248B}.RelWithDebInfo|x86.ActiveCfg = Release Multithreaded|Win32
		{78B079BD-9FC7-4B9E-B4A6-96DA0F00248B}.RelWithDebInfo|x86.Build.0 = Release Multithreaded|Win32
	EndGlobalSection
	GlobalSection(SolutionProperties) = preSolution
		HideSolutionNode = FALSE
	EndGlobalSection
EndGlobal
