Microsoft Visual Studio Solution File, Format Version 12.00
# Visual Studio 14
Project("{8BC9CEB8-8B4A-11D0-8D11-00A0C91BC942}") = "ALL_BUILD", "ALL_BUILD.vcxproj", "{781AD0EB-F963-31F0-A713-4FA134EA7097}"
	ProjectSection(ProjectDependencies) = postProject
		{3651929C-8454-3817-ABB8-AA3B5C2E4E17} = {3651929C-8454-3817-ABB8-AA3B5C2E4E17}
		{12C642FA-CD9F-3636-BB18-24A434535E06} = {12C642FA-CD9F-3636-BB18-24A434535E06}
		{2CF2DE3F-992E-30FE-8611-3A4A75BB4CB0} = {2CF2DE3F-992E-30FE-8611-3A4A75BB4CB0}
		{ADBE2954-8B1C-3EE5-BD32-28A6A578AC69} = {ADBE2954-8B1C-3EE5-BD32-28A6A578AC69}
		{B5B3E77D-A41A-383B-B60F-1A78D660ADCE} = {B5B3E77D-A41A-383B-B60F-1A78D660ADCE}
		{74385A10-48C8-3F6E-8D8F-8E833A241B85} = {74385A10-48C8-3F6E-8D8F-8E833A241B85}
		{77CE8A7C-5C9D-3C2E-BC0C-E09276BD8366} = {77CE8A7C-5C9D-3C2E-BC0C-E09276BD8366}
		{AA3DA12D-2C66-302E-B3BE-CE8077A6C7C9} = {AA3DA12D-2C66-302E-B3BE-CE8077A6C7C9}
		{277F1AFD-2F05-372D-B750-977D2CB78A36} = {277F1AFD-2F05-372D-B750-977D2CB78A36}
		{843442D4-08D9-3EEC-919C-464D0AF0BD50} = {843442D4-08D9-3EEC-919C-464D0AF0BD50}
		{264A9BA6-8001-399C-89D4-3C556AA65B02} = {264A9BA6-8001-399C-89D4-3C556AA65B02}
		{D2C8DCFD-1938-3B0A-BB2E-E8A253F1C286} = {D2C8DCFD-1938-3B0A-BB2E-E8A253F1C286}
		{D5DD4E66-FC5E-3F2F-837C-B92C97CADAC2} = {D5DD4E66-FC5E-3F2F-837C-B92C97CADAC2}
		{25C6384D-17E2-3D06-8463-C1AD051F498A} = {25C6384D-17E2-3D06-8463-C1AD051F498A}
		{AB4DDBB0-978D-30AE-A340-A308019A146B} = {AB4DDBB0-978D-30AE-A340-A308019A146B}
		{D8D3A615-3741-3188-BE4A-B2498A1ACADF} = {D8D3A615-3741-3188-BE4A-B2498A1ACADF}
		{25AB5A1E-F200-3BBF-BA2E-DB95AB0D0BEA} = {25AB5A1E-F200-3BBF-BA2E-DB95AB0D0BEA}
		{1CD0659F-F91F-3637-9BFD-6F7EA47FA270} = {1CD0659F-F91F-3637-9BFD-6F7EA47FA270}
		{07C8EE40-2149-3A17-984D-C01CF2C2B0C8} = {07C8EE40-2149-3A17-984D-C01CF2C2B0C8}
		{8292B95F-ED59-35E9-834D-8C95A18F7269} = {8292B95F-ED59-35E9-834D-8C95A18F7269}
		{FB409F9F-9881-3F4A-B29A-2B12DD57C0CC} = {FB409F9F-9881-3F4A-B29A-2B12DD57C0CC}
		{889FCB62-CBBE-3028-A531-02A4232A7D74} = {889FCB62-CBBE-3028-A531-02A4232A7D74}
		{F9E85B1C-7931-3569-B41C-9B90805F5659} = {F9E85B1C-7931-3569-B41C-9B90805F5659}
		{6BA99164-1828-3D9A-BE7C-E32A865CC458} = {6BA99164-1828-3D9A-BE7C-E32A865CC458}
		{7B903700-9458-373A-9744-C31D92CCA24E} = {7B903700-9458-373A-9744-C31D92CCA24E}
		{96847F7C-5A66-385E-9506-BCA099AE7631} = {96847F7C-5A66-385E-9506-BCA099AE7631}
		{4F358029-FD44-39C2-B8C6-BAC25AC8870C} = {4F358029-FD44-39C2-B8C6-BAC25AC8870C}
		{9D1AC536-D77E-31DA-B5C4-4DAF1865D5A5} = {9D1AC536-D77E-31DA-B5C4-4DAF1865D5A5}
		{24FBE157-8CDF-3BF7-8689-353B850F6CF0} = {24FBE157-8CDF-3BF7-8689-353B850F6CF0}
		{D96DDFD6-96B6-3F04-918A-B0E3C0AD943A} = {D96DDFD6-96B6-3F04-918A-B0E3C0AD943A}
		{D2A14040-4B48-33EF-833D-2F7FC9DD8B68} = {D2A14040-4B48-33EF-833D-2F7FC9DD8B68}
		{0C96846E-6240-3DAE-A48D-7C27D731ED0E} = {0C96846E-6240-3DAE-A48D-7C27D731ED0E}
		{E94AA0BF-6B8A-3940-BD70-39678BD6D4A9} = {E94AA0BF-6B8A-3940-BD70-39678BD6D4A9}
		{F169238B-D1EF-3A3D-B3E2-C8D789083444} = {F169238B-D1EF-3A3D-B3E2-C8D789083444}
		{579D20F7-9F04-381B-BB45-897B0A0D2E76} = {579D20F7-9F04-381B-BB45-897B0A0D2E76}
		{5ABF0378-7D4C-3DF6-8C3B-5F0D3AB55833} = {5ABF0378-7D4C-3DF6-8C3B-5F0D3AB55833}
		{A0779846-9B95-35AF-BC5B-B5BA71821057} = {A0779846-9B95-35AF-BC5B-B5BA71821057}
		{CB84989B-1527-3008-970D-579E0055E67D} = {CB84989B-1527-3008-970D-579E0055E67D}
		{8A496263-3AF1-3AEC-9B2C-74AD342519D2} = {8A496263-3AF1-3AEC-9B2C-74AD342519D2}
		{495081D8-AAD8-32DA-BDAA-0453E0106CD9} = {495081D8-AAD8-32DA-BDAA-0453E0106CD9}
		{13F61D29-E723-3A92-AFC9-71C047C89685} = {13F61D29-E723-3A92-AFC9-71C047C89685}
		{73C045EA-6062-3EC5-AC32-AC3E6B51B223} = {73C045EA-6062-3EC5-AC32-AC3E6B51B223}
	EndProjectSection
EndProject
Project("{8BC9CEB8-8B4A-11D0-8D11-00A0C91BC942}") = "AppBasicExampleGui", "examples\BasicDemo\AppBasicExampleGui.vcxproj", "{3651929C-8454-3817-ABB8-AA3B5C2E4E17}"
	ProjectSection(ProjectDependencies) = postProject
		{D2C8DCFD-1938-3B0A-BB2E-E8A253F1C286} = {D2C8DCFD-1938-3B0A-BB2E-E8A253F1C286}
		{D8D3A615-3741-3188-BE4A-B2498A1ACADF} = {D8D3A615-3741-3188-BE4A-B2498A1ACADF}
		{25AB5A1E-F200-3BBF-BA2E-DB95AB0D0BEA} = {25AB5A1E-F200-3BBF-BA2E-DB95AB0D0BEA}
		{D96DDFD6-96B6-3F04-918A-B0E3C0AD943A} = {D96DDFD6-96B6-3F04-918A-B0E3C0AD943A}
		{D2A14040-4B48-33EF-833D-2F7FC9DD8B68} = {D2A14040-4B48-33EF-833D-2F7FC9DD8B68}
		{8A496263-3AF1-3AEC-9B2C-74AD342519D2} = {8A496263-3AF1-3AEC-9B2C-74AD342519D2}
	EndProjectSection
EndProject
Project("{8BC9CEB8-8B4A-11D0-8D11-00A0C91BC942}") = "App_BasicExample", "examples\BasicDemo\App_BasicExample.vcxproj", "{12C642FA-CD9F-3636-BB18-24A434535E06}"
	ProjectSection(ProjectDependencies) = postProject
		{D8D3A615-3741-3188-BE4A-B2498A1ACADF} = {D8D3A615-3741-3188-BE4A-B2498A1ACADF}
		{25AB5A1E-F200-3BBF-BA2E-DB95AB0D0BEA} = {25AB5A1E-F200-3BBF-BA2E-DB95AB0D0BEA}
		{D96DDFD6-96B6-3F04-918A-B0E3C0AD943A} = {D96DDFD6-96B6-3F04-918A-B0E3C0AD943A}
		{8A496263-3AF1-3AEC-9B2C-74AD342519D2} = {8A496263-3AF1-3AEC-9B2C-74AD342519D2}
	EndProjectSection
EndProject
Project("{8BC9CEB8-8B4A-11D0-8D11-00A0C91BC942}") = "App_ExampleBrowser", "examples\ExampleBrowser\App_ExampleBrowser.vcxproj", "{2CF2DE3F-992E-30FE-8611-3A4A75BB4CB0}"
	ProjectSection(ProjectDependencies) = postProject
		{D2C8DCFD-1938-3B0A-BB2E-E8A253F1C286} = {D2C8DCFD-1938-3B0A-BB2E-E8A253F1C286}
		{D8D3A615-3741-3188-BE4A-B2498A1ACADF} = {D8D3A615-3741-3188-BE4A-B2498A1ACADF}
		{25AB5A1E-F200-3BBF-BA2E-DB95AB0D0BEA} = {25AB5A1E-F200-3BBF-BA2E-DB95AB0D0BEA}
		{1CD0659F-F91F-3637-9BFD-6F7EA47FA270} = {1CD0659F-F91F-3637-9BFD-6F7EA47FA270}
		{8292B95F-ED59-35E9-834D-8C95A18F7269} = {8292B95F-ED59-35E9-834D-8C95A18F7269}
		{FB409F9F-9881-3F4A-B29A-2B12DD57C0CC} = {FB409F9F-9881-3F4A-B29A-2B12DD57C0CC}
		{F9E85B1C-7931-3569-B41C-9B90805F5659} = {F9E85B1C-7931-3569-B41C-9B90805F5659}
		{96847F7C-5A66-385E-9506-BCA099AE7631} = {96847F7C-5A66-385E-9506-BCA099AE7631}
		{D96DDFD6-96B6-3F04-918A-B0E3C0AD943A} = {D96DDFD6-96B6-3F04-918A-B0E3C0AD943A}
		{D2A14040-4B48-33EF-833D-2F7FC9DD8B68} = {D2A14040-4B48-33EF-833D-2F7FC9DD8B68}
		{8A496263-3AF1-3AEC-9B2C-74AD342519D2} = {8A496263-3AF1-3AEC-9B2C-74AD342519D2}
		{73C045EA-6062-3EC5-AC32-AC3E6B51B223} = {73C045EA-6062-3EC5-AC32-AC3E6B51B223}
	EndProjectSection
EndProject
Project("{8BC9CEB8-8B4A-11D0-8D11-00A0C91BC942}") = "App_HelloWorld", "examples\HelloWorld\App_HelloWorld.vcxproj", "{ADBE2954-8B1C-3EE5-BD32-28A6A578AC69}"
	ProjectSection(ProjectDependencies) = postProject
		{D8D3A615-3741-3188-BE4A-B2498A1ACADF} = {D8D3A615-3741-3188-BE4A-B2498A1ACADF}
		{25AB5A1E-F200-3BBF-BA2E-DB95AB0D0BEA} = {25AB5A1E-F200-3BBF-BA2E-DB95AB0D0BEA}
		{D96DDFD6-96B6-3F04-918A-B0E3C0AD943A} = {D96DDFD6-96B6-3F04-918A-B0E3C0AD943A}
		{8A496263-3AF1-3AEC-9B2C-74AD342519D2} = {8A496263-3AF1-3AEC-9B2C-74AD342519D2}
	EndProjectSection
EndProject
Project("{8BC9CEB8-8B4A-11D0-8D11-00A0C91BC942}") = "App_PhysicsServer_SharedMemory", "examples\SharedMemory\App_PhysicsServer_SharedMemory.vcxproj", "{B5B3E77D-A41A-383B-B60F-1A78D660ADCE}"
	ProjectSection(ProjectDependencies) = postProject
		{D2C8DCFD-1938-3B0A-BB2E-E8A253F1C286} = {D2C8DCFD-1938-3B0A-BB2E-E8A253F1C286}
		{D8D3A615-3741-3188-BE4A-B2498A1ACADF} = {D8D3A615-3741-3188-BE4A-B2498A1ACADF}
		{25AB5A1E-F200-3BBF-BA2E-DB95AB0D0BEA} = {25AB5A1E-F200-3BBF-BA2E-DB95AB0D0BEA}
		{07C8EE40-2149-3A17-984D-C01CF2C2B0C8} = {07C8EE40-2149-3A17-984D-C01CF2C2B0C8}
		{8292B95F-ED59-35E9-834D-8C95A18F7269} = {8292B95F-ED59-35E9-834D-8C95A18F7269}
		{FB409F9F-9881-3F4A-B29A-2B12DD57C0CC} = {FB409F9F-9881-3F4A-B29A-2B12DD57C0CC}
		{6BA99164-1828-3D9A-BE7C-E32A865CC458} = {6BA99164-1828-3D9A-BE7C-E32A865CC458}
		{96847F7C-5A66-385E-9506-BCA099AE7631} = {96847F7C-5A66-385E-9506-BCA099AE7631}
		{D96DDFD6-96B6-3F04-918A-B0E3C0AD943A} = {D96DDFD6-96B6-3F04-918A-B0E3C0AD943A}
		{8A496263-3AF1-3AEC-9B2C-74AD342519D2} = {8A496263-3AF1-3AEC-9B2C-74AD342519D2}
	EndProjectSection
EndProject
Project("{8BC9CEB8-8B4A-11D0-8D11-00A0C91BC942}") = "App_PhysicsServer_SharedMemory_GUI", "examples\SharedMemory\App_PhysicsServer_SharedMemory_GUI.vcxproj", "{74385A10-48C8-3F6E-8D8F-8E833A241B85}"
	ProjectSection(ProjectDependencies) = postProject
		{D2C8DCFD-1938-3B0A-BB2E-E8A253F1C286} = {D2C8DCFD-1938-3B0A-BB2E-E8A253F1C286}
		{D8D3A615-3741-3188-BE4A-B2498A1ACADF} = {D8D3A615-3741-3188-BE4A-B2498A1ACADF}
		{25AB5A1E-F200-3BBF-BA2E-DB95AB0D0BEA} = {25AB5A1E-F200-3BBF-BA2E-DB95AB0D0BEA}
		{07C8EE40-2149-3A17-984D-C01CF2C2B0C8} = {07C8EE40-2149-3A17-984D-C01CF2C2B0C8}
		{8292B95F-ED59-35E9-834D-8C95A18F7269} = {8292B95F-ED59-35E9-834D-8C95A18F7269}
		{FB409F9F-9881-3F4A-B29A-2B12DD57C0CC} = {FB409F9F-9881-3F4A-B29A-2B12DD57C0CC}
		{6BA99164-1828-3D9A-BE7C-E32A865CC458} = {6BA99164-1828-3D9A-BE7C-E32A865CC458}
		{96847F7C-5A66-385E-9506-BCA099AE7631} = {96847F7C-5A66-385E-9506-BCA099AE7631}
		{D96DDFD6-96B6-3F04-918A-B0E3C0AD943A} = {D96DDFD6-96B6-3F04-918A-B0E3C0AD943A}
		{D2A14040-4B48-33EF-833D-2F7FC9DD8B68} = {D2A14040-4B48-33EF-833D-2F7FC9DD8B68}
		{8A496263-3AF1-3AEC-9B2C-74AD342519D2} = {8A496263-3AF1-3AEC-9B2C-74AD342519D2}
	EndProjectSection
EndProject
Project("{8BC9CEB8-8B4A-11D0-8D11-00A0C91BC942}") = "App_PhysicsServer_SharedMemory_VR", "examples\SharedMemory\App_PhysicsServer_SharedMemory_VR.vcxproj", "{77CE8A7C-5C9D-3C2E-BC0C-E09276BD8366}"
	ProjectSection(ProjectDependencies) = postProject
		{D2C8DCFD-1938-3B0A-BB2E-E8A253F1C286} = {D2C8DCFD-1938-3B0A-BB2E-E8A253F1C286}
		{D8D3A615-3741-3188-BE4A-B2498A1ACADF} = {D8D3A615-3741-3188-BE4A-B2498A1ACADF}
		{25AB5A1E-F200-3BBF-BA2E-DB95AB0D0BEA} = {25AB5A1E-F200-3BBF-BA2E-DB95AB0D0BEA}
		{07C8EE40-2149-3A17-984D-C01CF2C2B0C8} = {07C8EE40-2149-3A17-984D-C01CF2C2B0C8}
		{8292B95F-ED59-35E9-834D-8C95A18F7269} = {8292B95F-ED59-35E9-834D-8C95A18F7269}
		{FB409F9F-9881-3F4A-B29A-2B12DD57C0CC} = {FB409F9F-9881-3F4A-B29A-2B12DD57C0CC}
		{6BA99164-1828-3D9A-BE7C-E32A865CC458} = {6BA99164-1828-3D9A-BE7C-E32A865CC458}
		{96847F7C-5A66-385E-9506-BCA099AE7631} = {96847F7C-5A66-385E-9506-BCA099AE7631}
		{D96DDFD6-96B6-3F04-918A-B0E3C0AD943A} = {D96DDFD6-96B6-3F04-918A-B0E3C0AD943A}
		{D2A14040-4B48-33EF-833D-2F7FC9DD8B68} = {D2A14040-4B48-33EF-833D-2F7FC9DD8B68}
		{8A496263-3AF1-3AEC-9B2C-74AD342519D2} = {8A496263-3AF1-3AEC-9B2C-74AD342519D2}
	EndProjectSection
EndProject
Project("{8BC9CEB8-8B4A-11D0-8D11-00A0C91BC942}") = "App_RobotSimulator", "examples\RobotSimulator\App_RobotSimulator.vcxproj", "{AA3DA12D-2C66-302E-B3BE-CE8077A6C7C9}"
	ProjectSection(ProjectDependencies) = postProject
		{D2C8DCFD-1938-3B0A-BB2E-E8A253F1C286} = {D2C8DCFD-1938-3B0A-BB2E-E8A253F1C286}
		{D8D3A615-3741-3188-BE4A-B2498A1ACADF} = {D8D3A615-3741-3188-BE4A-B2498A1ACADF}
		{25AB5A1E-F200-3BBF-BA2E-DB95AB0D0BEA} = {25AB5A1E-F200-3BBF-BA2E-DB95AB0D0BEA}
		{1CD0659F-F91F-3637-9BFD-6F7EA47FA270} = {1CD0659F-F91F-3637-9BFD-6F7EA47FA270}
		{07C8EE40-2149-3A17-984D-C01CF2C2B0C8} = {07C8EE40-2149-3A17-984D-C01CF2C2B0C8}
		{8292B95F-ED59-35E9-834D-8C95A18F7269} = {8292B95F-ED59-35E9-834D-8C95A18F7269}
		{FB409F9F-9881-3F4A-B29A-2B12DD57C0CC} = {FB409F9F-9881-3F4A-B29A-2B12DD57C0CC}
		{F9E85B1C-7931-3569-B41C-9B90805F5659} = {F9E85B1C-7931-3569-B41C-9B90805F5659}
		{6BA99164-1828-3D9A-BE7C-E32A865CC458} = {6BA99164-1828-3D9A-BE7C-E32A865CC458}
		{96847F7C-5A66-385E-9506-BCA099AE7631} = {96847F7C-5A66-385E-9506-BCA099AE7631}
		{D96DDFD6-96B6-3F04-918A-B0E3C0AD943A} = {D96DDFD6-96B6-3F04-918A-B0E3C0AD943A}
		{D2A14040-4B48-33EF-833D-2F7FC9DD8B68} = {D2A14040-4B48-33EF-833D-2F7FC9DD8B68}
		{8A496263-3AF1-3AEC-9B2C-74AD342519D2} = {8A496263-3AF1-3AEC-9B2C-74AD342519D2}
		{73C045EA-6062-3EC5-AC32-AC3E6B51B223} = {73C045EA-6062-3EC5-AC32-AC3E6B51B223}
	EndProjectSection
EndProject
Project("{8BC9CEB8-8B4A-11D0-8D11-00A0C91BC942}") = "App_obj2sdf", "Extras\obj2sdf\App_obj2sdf.vcxproj", "{277F1AFD-2F05-372D-B750-977D2CB78A36}"
	ProjectSection(ProjectDependencies) = postProject
		{D2C8DCFD-1938-3B0A-BB2E-E8A253F1C286} = {D2C8DCFD-1938-3B0A-BB2E-E8A253F1C286}
		{8A496263-3AF1-3AEC-9B2C-74AD342519D2} = {8A496263-3AF1-3AEC-9B2C-74AD342519D2}
	EndProjectSection
EndProject
Project("{8BC9CEB8-8B4A-11D0-8D11-00A0C91BC942}") = "Bullet2FileLoader", "src\Bullet3Serialize\Bullet2FileLoader\Bullet2FileLoader.vcxproj", "{843442D4-08D9-3EEC-919C-464D0AF0BD50}"
	ProjectSection(ProjectDependencies) = postProject
		{8A496263-3AF1-3AEC-9B2C-74AD342519D2} = {8A496263-3AF1-3AEC-9B2C-74AD342519D2}
	EndProjectSection
EndProject
Project("{8BC9CEB8-8B4A-11D0-8D11-00A0C91BC942}") = "Bullet3Collision", "src\Bullet3Collision\Bullet3Collision.vcxproj", "{264A9BA6-8001-399C-89D4-3C556AA65B02}"
	ProjectSection(ProjectDependencies) = postProject
		{8A496263-3AF1-3AEC-9B2C-74AD342519D2} = {8A496263-3AF1-3AEC-9B2C-74AD342519D2}
	EndProjectSection
EndProject
Project("{8BC9CEB8-8B4A-11D0-8D11-00A0C91BC942}") = "Bullet3Common", "src\Bullet3Common\Bullet3Common.vcxproj", "{D2C8DCFD-1938-3B0A-BB2E-E8A253F1C286}"
	ProjectSection(ProjectDependencies) = postProject
		{8A496263-3AF1-3AEC-9B2C-74AD342519D2} = {8A496263-3AF1-3AEC-9B2C-74AD342519D2}
	EndProjectSection
EndProject
Project("{8BC9CEB8-8B4A-11D0-8D11-00A0C91BC942}") = "Bullet3Dynamics", "src\Bullet3Dynamics\Bullet3Dynamics.vcxproj", "{D5DD4E66-FC5E-3F2F-837C-B92C97CADAC2}"
	ProjectSection(ProjectDependencies) = postProject
		{8A496263-3AF1-3AEC-9B2C-74AD342519D2} = {8A496263-3AF1-3AEC-9B2C-74AD342519D2}
	EndProjectSection
EndProject
Project("{8BC9CEB8-8B4A-11D0-8D11-00A0C91BC942}") = "Bullet3Geometry", "src\Bullet3Geometry\Bullet3Geometry.vcxproj", "{25C6384D-17E2-3D06-8463-C1AD051F498A}"
	ProjectSection(ProjectDependencies) = postProject
		{8A496263-3AF1-3AEC-9B2C-74AD342519D2} = {8A496263-3AF1-3AEC-9B2C-74AD342519D2}
	EndProjectSection
EndProject
Project("{8BC9CEB8-8B4A-11D0-8D11-00A0C91BC942}") = "Bullet3OpenCL_clew", "src\Bullet3OpenCL\Bullet3OpenCL_clew.vcxproj", "{AB4DDBB0-978D-30AE-A340-A308019A146B}"
	ProjectSection(ProjectDependencies) = postProject
		{8A496263-3AF1-3AEC-9B2C-74AD342519D2} = {8A496263-3AF1-3AEC-9B2C-74AD342519D2}
	EndProjectSection
EndProject
Project("{8BC9CEB8-8B4A-11D0-8D11-00A0C91BC942}") = "BulletCollision", "src\BulletCollision\BulletCollision.vcxproj", "{D8D3A615-3741-3188-BE4A-B2498A1ACADF}"
	ProjectSection(ProjectDependencies) = postProject
		{8A496263-3AF1-3AEC-9B2C-74AD342519D2} = {8A496263-3AF1-3AEC-9B2C-74AD342519D2}
	EndProjectSection
EndProject
Project("{8BC9CEB8-8B4A-11D0-8D11-00A0C91BC942}") = "BulletDynamics", "src\BulletDynamics\BulletDynamics.vcxproj", "{25AB5A1E-F200-3BBF-BA2E-DB95AB0D0BEA}"
	ProjectSection(ProjectDependencies) = postProject
		{8A496263-3AF1-3AEC-9B2C-74AD342519D2} = {8A496263-3AF1-3AEC-9B2C-74AD342519D2}
	EndProjectSection
EndProject
Project("{8BC9CEB8-8B4A-11D0-8D11-00A0C91BC942}") = "BulletExampleBrowserLib", "examples\ExampleBrowser\BulletExampleBrowserLib.vcxproj", "{1CD0659F-F91F-3637-9BFD-6F7EA47FA270}"
	ProjectSection(ProjectDependencies) = postProject
		{8A496263-3AF1-3AEC-9B2C-74AD342519D2} = {8A496263-3AF1-3AEC-9B2C-74AD342519D2}
	EndProjectSection
EndProject
Project("{8BC9CEB8-8B4A-11D0-8D11-00A0C91BC942}") = "BulletFileLoader", "Extras\Serialize\BulletFileLoader\BulletFileLoader.vcxproj", "{07C8EE40-2149-3A17-984D-C01CF2C2B0C8}"
	ProjectSection(ProjectDependencies) = postProject
		{8A496263-3AF1-3AEC-9B2C-74AD342519D2} = {8A496263-3AF1-3AEC-9B2C-74AD342519D2}
	EndProjectSection
EndProject
Project("{8BC9CEB8-8B4A-11D0-8D11-00A0C91BC942}") = "BulletInverseDynamics", "src\BulletInverseDynamics\BulletInverseDynamics.vcxproj", "{8292B95F-ED59-35E9-834D-8C95A18F7269}"
	ProjectSection(ProjectDependencies) = postProject
		{8A496263-3AF1-3AEC-9B2C-74AD342519D2} = {8A496263-3AF1-3AEC-9B2C-74AD342519D2}
	EndProjectSection
EndProject
Project("{8BC9CEB8-8B4A-11D0-8D11-00A0C91BC942}") = "BulletInverseDynamicsUtils", "Extras\InverseDynamics\BulletInverseDynamicsUtils.vcxproj", "{FB409F9F-9881-3F4A-B29A-2B12DD57C0CC}"
	ProjectSection(ProjectDependencies) = postProject
		{8A496263-3AF1-3AEC-9B2C-74AD342519D2} = {8A496263-3AF1-3AEC-9B2C-74AD342519D2}
	EndProjectSection
EndProject
Project("{8BC9CEB8-8B4A-11D0-8D11-00A0C91BC942}") = "BulletRobotics", "Extras\BulletRobotics\BulletRobotics.vcxproj", "{889FCB62-CBBE-3028-A531-02A4232A7D74}"
	ProjectSection(ProjectDependencies) = postProject
		{8A496263-3AF1-3AEC-9B2C-74AD342519D2} = {8A496263-3AF1-3AEC-9B2C-74AD342519D2}
	EndProjectSection
EndProject
Project("{8BC9CEB8-8B4A-11D0-8D11-00A0C91BC942}") = "BulletSoftBody", "src\BulletSoftBody\BulletSoftBody.vcxproj", "{F9E85B1C-7931-3569-B41C-9B90805F5659}"
	ProjectSection(ProjectDependencies) = postProject
		{8A496263-3AF1-3AEC-9B2C-74AD342519D2} = {8A496263-3AF1-3AEC-9B2C-74AD342519D2}
	EndProjectSection
EndProject
Project("{8BC9CEB8-8B4A-11D0-8D11-00A0C91BC942}") = "BulletWorldImporter", "Extras\Serialize\BulletWorldImporter\BulletWorldImporter.vcxproj", "{6BA99164-1828-3D9A-BE7C-E32A865CC458}"
	ProjectSection(ProjectDependencies) = postProject
		{8A496263-3AF1-3AEC-9B2C-74AD342519D2} = {8A496263-3AF1-3AEC-9B2C-74AD342519D2}
	EndProjectSection
EndProject
Project("{8BC9CEB8-8B4A-11D0-8D11-00A0C91BC942}") = "BulletXmlWorldImporter", "Extras\Serialize\BulletXmlWorldImporter\BulletXmlWorldImporter.vcxproj", "{7B903700-9458-373A-9744-C31D92CCA24E}"
	ProjectSection(ProjectDependencies) = postProject
		{8A496263-3AF1-3AEC-9B2C-74AD342519D2} = {8A496263-3AF1-3AEC-9B2C-74AD342519D2}
	EndProjectSection
EndProject
Project("{8BC9CEB8-8B4A-11D0-8D11-00A0C91BC942}") = "BussIK", "examples\ThirdPartyLibs\BussIK\BussIK.vcxproj", "{96847F7C-5A66-385E-9506-BCA099AE7631}"
	ProjectSection(ProjectDependencies) = postProject
		{8A496263-3AF1-3AEC-9B2C-74AD342519D2} = {8A496263-3AF1-3AEC-9B2C-74AD342519D2}
	EndProjectSection
EndProject
Project("{8BC9CEB8-8B4A-11D0-8D11-00A0C91BC942}") = "ConvexDecomposition", "Extras\ConvexDecomposition\ConvexDecomposition.vcxproj", "{4F358029-FD44-39C2-B8C6-BAC25AC8870C}"
	ProjectSection(ProjectDependencies) = postProject
		{8A496263-3AF1-3AEC-9B2C-74AD342519D2} = {8A496263-3AF1-3AEC-9B2C-74AD342519D2}
	EndProjectSection
EndProject
Project("{8BC9CEB8-8B4A-11D0-8D11-00A0C91BC942}") = "GIMPACTUtils", "Extras\GIMPACTUtils\GIMPACTUtils.vcxproj", "{9D1AC536-D77E-31DA-B5C4-4DAF1865D5A5}"
	ProjectSection(ProjectDependencies) = postProject
		{8A496263-3AF1-3AEC-9B2C-74AD342519D2} = {8A496263-3AF1-3AEC-9B2C-74AD342519D2}
	EndProjectSection
EndProject
Project("{8BC9CEB8-8B4A-11D0-8D11-00A0C91BC942}") = "HACD", "Extras\HACD\HACD.vcxproj", "{24FBE157-8CDF-3BF7-8689-353B850F6CF0}"
	ProjectSection(ProjectDependencies) = postProject
		{8A496263-3AF1-3AEC-9B2C-74AD342519D2} = {8A496263-3AF1-3AEC-9B2C-74AD342519D2}
	EndProjectSection
EndProject
Project("{8BC9CEB8-8B4A-11D0-8D11-00A0C91BC942}") = "INSTALL", "INSTALL.vcxproj", "{491318EC-E248-3AB0-892D-3D37B1BF5004}"
	ProjectSection(ProjectDependencies) = postProject
		{781AD0EB-F963-31F0-A713-4FA134EA7097} = {781AD0EB-F963-31F0-A713-4FA134EA7097}
		{8A496263-3AF1-3AEC-9B2C-74AD342519D2} = {8A496263-3AF1-3AEC-9B2C-74AD342519D2}
	EndProjectSection
EndProject
Project("{8BC9CEB8-8B4A-11D0-8D11-00A0C91BC942}") = "LinearMath", "src\LinearMath\LinearMath.vcxproj", "{D96DDFD6-96B6-3F04-918A-B0E3C0AD943A}"
	ProjectSection(ProjectDependencies) = postProject
		{8A496263-3AF1-3AEC-9B2C-74AD342519D2} = {8A496263-3AF1-3AEC-9B2C-74AD342519D2}
	EndProjectSection
EndProject
Project("{8BC9CEB8-8B4A-11D0-8D11-00A0C91BC942}") = "OpenGLWindow", "examples\OpenGLWindow\OpenGLWindow.vcxproj", "{D2A14040-4B48-33EF-833D-2F7FC9DD8B68}"
	ProjectSection(ProjectDependencies) = postProject
		{8A496263-3AF1-3AEC-9B2C-74AD342519D2} = {8A496263-3AF1-3AEC-9B2C-74AD342519D2}
	EndProjectSection
EndProject
Project("{8BC9CEB8-8B4A-11D0-8D11-00A0C91BC942}") = "RUN_TESTS", "RUN_TESTS.vcxproj", "{0251CD65-FF88-3327-875A-4C54294A6CA8}"
	ProjectSection(ProjectDependencies) = postProject
		{8A496263-3AF1-3AEC-9B2C-74AD342519D2} = {8A496263-3AF1-3AEC-9B2C-74AD342519D2}
	EndProjectSection
EndProject
Project("{8BC9CEB8-8B4A-11D0-8D11-00A0C91BC942}") = "Test_BulletDynamics", "test\BulletDynamics\pendulum\Test_BulletDynamics.vcxproj", "{0C96846E-6240-3DAE-A48D-7C27D731ED0E}"
	ProjectSection(ProjectDependencies) = postProject
		{D8D3A615-3741-3188-BE4A-B2498A1ACADF} = {D8D3A615-3741-3188-BE4A-B2498A1ACADF}
		{25AB5A1E-F200-3BBF-BA2E-DB95AB0D0BEA} = {25AB5A1E-F200-3BBF-BA2E-DB95AB0D0BEA}
		{D96DDFD6-96B6-3F04-918A-B0E3C0AD943A} = {D96DDFD6-96B6-3F04-918A-B0E3C0AD943A}
		{8A496263-3AF1-3AEC-9B2C-74AD342519D2} = {8A496263-3AF1-3AEC-9B2C-74AD342519D2}
		{13F61D29-E723-3A92-AFC9-71C047C89685} = {13F61D29-E723-3A92-AFC9-71C047C89685}
	EndProjectSection
EndProject
Project("{8BC9CEB8-8B4A-11D0-8D11-00A0C91BC942}") = "Test_BulletInverseDynamics", "test\InverseDynamics\Test_BulletInverseDynamics.vcxproj", "{E94AA0BF-6B8A-3940-BD70-39678BD6D4A9}"
	ProjectSection(ProjectDependencies) = postProject
		{D2C8DCFD-1938-3B0A-BB2E-E8A253F1C286} = {D2C8DCFD-1938-3B0A-BB2E-E8A253F1C286}
		{D8D3A615-3741-3188-BE4A-B2498A1ACADF} = {D8D3A615-3741-3188-BE4A-B2498A1ACADF}
		{25AB5A1E-F200-3BBF-BA2E-DB95AB0D0BEA} = {25AB5A1E-F200-3BBF-BA2E-DB95AB0D0BEA}
		{8292B95F-ED59-35E9-834D-8C95A18F7269} = {8292B95F-ED59-35E9-834D-8C95A18F7269}
		{FB409F9F-9881-3F4A-B29A-2B12DD57C0CC} = {FB409F9F-9881-3F4A-B29A-2B12DD57C0CC}
		{D96DDFD6-96B6-3F04-918A-B0E3C0AD943A} = {D96DDFD6-96B6-3F04-918A-B0E3C0AD943A}
		{8A496263-3AF1-3AEC-9B2C-74AD342519D2} = {8A496263-3AF1-3AEC-9B2C-74AD342519D2}
		{13F61D29-E723-3A92-AFC9-71C047C89685} = {13F61D29-E723-3A92-AFC9-71C047C89685}
	EndProjectSection
EndProject
Project("{8BC9CEB8-8B4A-11D0-8D11-00A0C91BC942}") = "Test_BulletInverseDynamicsJacobian", "test\InverseDynamics\Test_BulletInverseDynamicsJacobian.vcxproj", "{F169238B-D1EF-3A3D-B3E2-C8D789083444}"
	ProjectSection(ProjectDependencies) = postProject
		{D2C8DCFD-1938-3B0A-BB2E-E8A253F1C286} = {D2C8DCFD-1938-3B0A-BB2E-E8A253F1C286}
		{8292B95F-ED59-35E9-834D-8C95A18F7269} = {8292B95F-ED59-35E9-834D-8C95A18F7269}
		{FB409F9F-9881-3F4A-B29A-2B12DD57C0CC} = {FB409F9F-9881-3F4A-B29A-2B12DD57C0CC}
		{D96DDFD6-96B6-3F04-918A-B0E3C0AD943A} = {D96DDFD6-96B6-3F04-918A-B0E3C0AD943A}
		{8A496263-3AF1-3AEC-9B2C-74AD342519D2} = {8A496263-3AF1-3AEC-9B2C-74AD342519D2}
		{13F61D29-E723-3A92-AFC9-71C047C89685} = {13F61D29-E723-3A92-AFC9-71C047C89685}
	EndProjectSection
EndProject
Project("{8BC9CEB8-8B4A-11D0-8D11-00A0C91BC942}") = "Test_BulletInverseForwardDynamics", "test\InverseDynamics\Test_BulletInverseForwardDynamics.vcxproj", "{579D20F7-9F04-381B-BB45-897B0A0D2E76}"
	ProjectSection(ProjectDependencies) = postProject
		{D2C8DCFD-1938-3B0A-BB2E-E8A253F1C286} = {D2C8DCFD-1938-3B0A-BB2E-E8A253F1C286}
		{D8D3A615-3741-3188-BE4A-B2498A1ACADF} = {D8D3A615-3741-3188-BE4A-B2498A1ACADF}
		{25AB5A1E-F200-3BBF-BA2E-DB95AB0D0BEA} = {25AB5A1E-F200-3BBF-BA2E-DB95AB0D0BEA}
		{8292B95F-ED59-35E9-834D-8C95A18F7269} = {8292B95F-ED59-35E9-834D-8C95A18F7269}
		{FB409F9F-9881-3F4A-B29A-2B12DD57C0CC} = {FB409F9F-9881-3F4A-B29A-2B12DD57C0CC}
		{D96DDFD6-96B6-3F04-918A-B0E3C0AD943A} = {D96DDFD6-96B6-3F04-918A-B0E3C0AD943A}
		{8A496263-3AF1-3AEC-9B2C-74AD342519D2} = {8A496263-3AF1-3AEC-9B2C-74AD342519D2}
		{13F61D29-E723-3A92-AFC9-71C047C89685} = {13F61D29-E723-3A92-AFC9-71C047C89685}
	EndProjectSection
EndProject
Project("{8BC9CEB8-8B4A-11D0-8D11-00A0C91BC942}") = "Test_Collision", "test\collision\Test_Collision.vcxproj", "{5ABF0378-7D4C-3DF6-8C3B-5F0D3AB55833}"
	ProjectSection(ProjectDependencies) = postProject
		{D96DDFD6-96B6-3F04-918A-B0E3C0AD943A} = {D96DDFD6-96B6-3F04-918A-B0E3C0AD943A}
		{8A496263-3AF1-3AEC-9B2C-74AD342519D2} = {8A496263-3AF1-3AEC-9B2C-74AD342519D2}
		{13F61D29-E723-3A92-AFC9-71C047C89685} = {13F61D29-E723-3A92-AFC9-71C047C89685}
	EndProjectSection
EndProject
Project("{8BC9CEB8-8B4A-11D0-8D11-00A0C91BC942}") = "Test_PhysicsClientServer", "test\SharedMemory\Test_PhysicsClientServer.vcxproj", "{A0779846-9B95-35AF-BC5B-B5BA71821057}"
	ProjectSection(ProjectDependencies) = postProject
		{D2C8DCFD-1938-3B0A-BB2E-E8A253F1C286} = {D2C8DCFD-1938-3B0A-BB2E-E8A253F1C286}
		{D8D3A615-3741-3188-BE4A-B2498A1ACADF} = {D8D3A615-3741-3188-BE4A-B2498A1ACADF}
		{25AB5A1E-F200-3BBF-BA2E-DB95AB0D0BEA} = {25AB5A1E-F200-3BBF-BA2E-DB95AB0D0BEA}
		{07C8EE40-2149-3A17-984D-C01CF2C2B0C8} = {07C8EE40-2149-3A17-984D-C01CF2C2B0C8}
		{8292B95F-ED59-35E9-834D-8C95A18F7269} = {8292B95F-ED59-35E9-834D-8C95A18F7269}
		{FB409F9F-9881-3F4A-B29A-2B12DD57C0CC} = {FB409F9F-9881-3F4A-B29A-2B12DD57C0CC}
		{6BA99164-1828-3D9A-BE7C-E32A865CC458} = {6BA99164-1828-3D9A-BE7C-E32A865CC458}
		{96847F7C-5A66-385E-9506-BCA099AE7631} = {96847F7C-5A66-385E-9506-BCA099AE7631}
		{D96DDFD6-96B6-3F04-918A-B0E3C0AD943A} = {D96DDFD6-96B6-3F04-918A-B0E3C0AD943A}
		{8A496263-3AF1-3AEC-9B2C-74AD342519D2} = {8A496263-3AF1-3AEC-9B2C-74AD342519D2}
		{13F61D29-E723-3A92-AFC9-71C047C89685} = {13F61D29-E723-3A92-AFC9-71C047C89685}
	EndProjectSection
EndProject
Project("{8BC9CEB8-8B4A-11D0-8D11-00A0C91BC942}") = "Test_btKinematicCharacterController", "test\BulletDynamics\Test_btKinematicCharacterController.vcxproj", "{CB84989B-1527-3008-970D-579E0055E67D}"
	ProjectSection(ProjectDependencies) = postProject
		{D8D3A615-3741-3188-BE4A-B2498A1ACADF} = {D8D3A615-3741-3188-BE4A-B2498A1ACADF}
		{25AB5A1E-F200-3BBF-BA2E-DB95AB0D0BEA} = {25AB5A1E-F200-3BBF-BA2E-DB95AB0D0BEA}
		{D96DDFD6-96B6-3F04-918A-B0E3C0AD943A} = {D96DDFD6-96B6-3F04-918A-B0E3C0AD943A}
		{8A496263-3AF1-3AEC-9B2C-74AD342519D2} = {8A496263-3AF1-3AEC-9B2C-74AD342519D2}
		{13F61D29-E723-3A92-AFC9-71C047C89685} = {13F61D29-E723-3A92-AFC9-71C047C89685}
	EndProjectSection
EndProject
Project("{8BC9CEB8-8B4A-11D0-8D11-00A0C91BC942}") = "ZERO_CHECK", "ZERO_CHECK.vcxproj", "{8A496263-3AF1-3AEC-9B2C-74AD342519D2}"
	ProjectSection(ProjectDependencies) = postProject
	EndProjectSection
EndProject
Project("{8BC9CEB8-8B4A-11D0-8D11-00A0C91BC942}") = "clsocket", "examples\ThirdPartyLibs\clsocket\clsocket.vcxproj", "{495081D8-AAD8-32DA-BDAA-0453E0106CD9}"
	ProjectSection(ProjectDependencies) = postProject
		{8A496263-3AF1-3AEC-9B2C-74AD342519D2} = {8A496263-3AF1-3AEC-9B2C-74AD342519D2}
	EndProjectSection
EndProject
Project("{8BC9CEB8-8B4A-11D0-8D11-00A0C91BC942}") = "gtest", "test\gtest-1.7.0\gtest.vcxproj", "{13F61D29-E723-3A92-AFC9-71C047C89685}"
	ProjectSection(ProjectDependencies) = postProject
		{8A496263-3AF1-3AEC-9B2C-74AD342519D2} = {8A496263-3AF1-3AEC-9B2C-74AD342519D2}
	EndProjectSection
EndProject
Project("{8BC9CEB8-8B4A-11D0-8D11-00A0C91BC942}") = "gwen", "examples\ThirdPartyLibs\Gwen\gwen.vcxproj", "{73C045EA-6062-3EC5-AC32-AC3E6B51B223}"
	ProjectSection(ProjectDependencies) = postProject
		{8A496263-3AF1-3AEC-9B2C-74AD342519D2} = {8A496263-3AF1-3AEC-9B2C-74AD342519D2}
	EndProjectSection
EndProject
Global
	GlobalSection(SolutionConfigurationPlatforms) = preSolution
		Debug|Win32 = Debug|Win32
		Release|Win32 = Release|Win32
		MinSizeRel|Win32 = MinSizeRel|Win32
		RelWithDebInfo|Win32 = RelWithDebInfo|Win32
	EndGlobalSection
	GlobalSection(ProjectConfigurationPlatforms) = postSolution
		{781AD0EB-F963-31F0-A713-4FA134EA7097}.Debug|Win32.ActiveCfg = Debug|Win32
		{781AD0EB-F963-31F0-A713-4FA134EA7097}.Debug|Win32.Build.0 = Debug|Win32
		{781AD0EB-F963-31F0-A713-4FA134EA7097}.Release|Win32.ActiveCfg = Release|Win32
		{781AD0EB-F963-31F0-A713-4FA134EA7097}.Release|Win32.Build.0 = Release|Win32
		{781AD0EB-F963-31F0-A713-4FA134EA7097}.MinSizeRel|Win32.ActiveCfg = MinSizeRel|Win32
		{781AD0EB-F963-31F0-A713-4FA134EA7097}.MinSizeRel|Win32.Build.0 = MinSizeRel|Win32
		{781AD0EB-F963-31F0-A713-4FA134EA7097}.RelWithDebInfo|Win32.ActiveCfg = RelWithDebInfo|Win32
		{781AD0EB-F963-31F0-A713-4FA134EA7097}.RelWithDebInfo|Win32.Build.0 = RelWithDebInfo|Win32
		{3651929C-8454-3817-ABB8-AA3B5C2E4E17}.Debug|Win32.ActiveCfg = Debug|Win32
		{3651929C-8454-3817-ABB8-AA3B5C2E4E17}.Debug|Win32.Build.0 = Debug|Win32
		{3651929C-8454-3817-ABB8-AA3B5C2E4E17}.Release|Win32.ActiveCfg = Release|Win32
		{3651929C-8454-3817-ABB8-AA3B5C2E4E17}.Release|Win32.Build.0 = Release|Win32
		{3651929C-8454-3817-ABB8-AA3B5C2E4E17}.MinSizeRel|Win32.ActiveCfg = MinSizeRel|Win32
		{3651929C-8454-3817-ABB8-AA3B5C2E4E17}.MinSizeRel|Win32.Build.0 = MinSizeRel|Win32
		{3651929C-8454-3817-ABB8-AA3B5C2E4E17}.RelWithDebInfo|Win32.ActiveCfg = RelWithDebInfo|Win32
		{3651929C-8454-3817-ABB8-AA3B5C2E4E17}.RelWithDebInfo|Win32.Build.0 = RelWithDebInfo|Win32
		{12C642FA-CD9F-3636-BB18-24A434535E06}.Debug|Win32.ActiveCfg = Debug|Win32
		{12C642FA-CD9F-3636-BB18-24A434535E06}.Debug|Win32.Build.0 = Debug|Win32
		{12C642FA-CD9F-3636-BB18-24A434535E06}.Release|Win32.ActiveCfg = Release|Win32
		{12C642FA-CD9F-3636-BB18-24A434535E06}.Release|Win32.Build.0 = Release|Win32
		{12C642FA-CD9F-3636-BB18-24A434535E06}.MinSizeRel|Win32.ActiveCfg = MinSizeRel|Win32
		{12C642FA-CD9F-3636-BB18-24A434535E06}.MinSizeRel|Win32.Build.0 = MinSizeRel|Win32
		{12C642FA-CD9F-3636-BB18-24A434535E06}.RelWithDebInfo|Win32.ActiveCfg = RelWithDebInfo|Win32
		{12C642FA-CD9F-3636-BB18-24A434535E06}.RelWithDebInfo|Win32.Build.0 = RelWithDebInfo|Win32
		{2CF2DE3F-992E-30FE-8611-3A4A75BB4CB0}.Debug|Win32.ActiveCfg = Debug|Win32
		{2CF2DE3F-992E-30FE-8611-3A4A75BB4CB0}.Debug|Win32.Build.0 = Debug|Win32
		{2CF2DE3F-992E-30FE-8611-3A4A75BB4CB0}.Release|Win32.ActiveCfg = Release|Win32
		{2CF2DE3F-992E-30FE-8611-3A4A75BB4CB0}.Release|Win32.Build.0 = Release|Win32
		{2CF2DE3F-992E-30FE-8611-3A4A75BB4CB0}.MinSizeRel|Win32.ActiveCfg = MinSizeRel|Win32
		{2CF2DE3F-992E-30FE-8611-3A4A75BB4CB0}.MinSizeRel|Win32.Build.0 = MinSizeRel|Win32
		{2CF2DE3F-992E-30FE-8611-3A4A75BB4CB0}.RelWithDebInfo|Win32.ActiveCfg = RelWithDebInfo|Win32
		{2CF2DE3F-992E-30FE-8611-3A4A75BB4CB0}.RelWithDebInfo|Win32.Build.0 = RelWithDebInfo|Win32
		{ADBE2954-8B1C-3EE5-BD32-28A6A578AC69}.Debug|Win32.ActiveCfg = Debug|Win32
		{ADBE2954-8B1C-3EE5-BD32-28A6A578AC69}.Debug|Win32.Build.0 = Debug|Win32
		{ADBE2954-8B1C-3EE5-BD32-28A6A578AC69}.Release|Win32.ActiveCfg = Release|Win32
		{ADBE2954-8B1C-3EE5-BD32-28A6A578AC69}.Release|Win32.Build.0 = Release|Win32
		{ADBE2954-8B1C-3EE5-BD32-28A6A578AC69}.MinSizeRel|Win32.ActiveCfg = MinSizeRel|Win32
		{ADBE2954-8B1C-3EE5-BD32-28A6A578AC69}.MinSizeRel|Win32.Build.0 = MinSizeRel|Win32
		{ADBE2954-8B1C-3EE5-BD32-28A6A578AC69}.RelWithDebInfo|Win32.ActiveCfg = RelWithDebInfo|Win32
		{ADBE2954-8B1C-3EE5-BD32-28A6A578AC69}.RelWithDebInfo|Win32.Build.0 = RelWithDebInfo|Win32
		{B5B3E77D-A41A-383B-B60F-1A78D660ADCE}.Debug|Win32.ActiveCfg = Debug|Win32
		{B5B3E77D-A41A-383B-B60F-1A78D660ADCE}.Debug|Win32.Build.0 = Debug|Win32
		{B5B3E77D-A41A-383B-B60F-1A78D660ADCE}.Release|Win32.ActiveCfg = Release|Win32
		{B5B3E77D-A41A-383B-B60F-1A78D660ADCE}.Release|Win32.Build.0 = Release|Win32
		{B5B3E77D-A41A-383B-B60F-1A78D660ADCE}.MinSizeRel|Win32.ActiveCfg = MinSizeRel|Win32
		{B5B3E77D-A41A-383B-B60F-1A78D660ADCE}.MinSizeRel|Win32.Build.0 = MinSizeRel|Win32
		{B5B3E77D-A41A-383B-B60F-1A78D660ADCE}.RelWithDebInfo|Win32.ActiveCfg = RelWithDebInfo|Win32
		{B5B3E77D-A41A-383B-B60F-1A78D660ADCE}.RelWithDebInfo|Win32.Build.0 = RelWithDebInfo|Win32
		{74385A10-48C8-3F6E-8D8F-8E833A241B85}.Debug|Win32.ActiveCfg = Debug|Win32
		{74385A10-48C8-3F6E-8D8F-8E833A241B85}.Debug|Win32.Build.0 = Debug|Win32
		{74385A10-48C8-3F6E-8D8F-8E833A241B85}.Release|Win32.ActiveCfg = Release|Win32
		{74385A10-48C8-3F6E-8D8F-8E833A241B85}.Release|Win32.Build.0 = Release|Win32
		{74385A10-48C8-3F6E-8D8F-8E833A241B85}.MinSizeRel|Win32.ActiveCfg = MinSizeRel|Win32
		{74385A10-48C8-3F6E-8D8F-8E833A241B85}.MinSizeRel|Win32.Build.0 = MinSizeRel|Win32
		{74385A10-48C8-3F6E-8D8F-8E833A241B85}.RelWithDebInfo|Win32.ActiveCfg = RelWithDebInfo|Win32
		{74385A10-48C8-3F6E-8D8F-8E833A241B85}.RelWithDebInfo|Win32.Build.0 = RelWithDebInfo|Win32
		{77CE8A7C-5C9D-3C2E-BC0C-E09276BD8366}.Debug|Win32.ActiveCfg = Debug|Win32
		{77CE8A7C-5C9D-3C2E-BC0C-E09276BD8366}.Debug|Win32.Build.0 = Debug|Win32
		{77CE8A7C-5C9D-3C2E-BC0C-E09276BD8366}.Release|Win32.ActiveCfg = Release|Win32
		{77CE8A7C-5C9D-3C2E-BC0C-E09276BD8366}.Release|Win32.Build.0 = Release|Win32
		{77CE8A7C-5C9D-3C2E-BC0C-E09276BD8366}.MinSizeRel|Win32.ActiveCfg = MinSizeRel|Win32
		{77CE8A7C-5C9D-3C2E-BC0C-E09276BD8366}.MinSizeRel|Win32.Build.0 = MinSizeRel|Win32
		{77CE8A7C-5C9D-3C2E-BC0C-E09276BD8366}.RelWithDebInfo|Win32.ActiveCfg = RelWithDebInfo|Win32
		{77CE8A7C-5C9D-3C2E-BC0C-E09276BD8366}.RelWithDebInfo|Win32.Build.0 = RelWithDebInfo|Win32
		{AA3DA12D-2C66-302E-B3BE-CE8077A6C7C9}.Debug|Win32.ActiveCfg = Debug|Win32
		{AA3DA12D-2C66-302E-B3BE-CE8077A6C7C9}.Debug|Win32.Build.0 = Debug|Win32
		{AA3DA12D-2C66-302E-B3BE-CE8077A6C7C9}.Release|Win32.ActiveCfg = Release|Win32
		{AA3DA12D-2C66-302E-B3BE-CE8077A6C7C9}.Release|Win32.Build.0 = Release|Win32
		{AA3DA12D-2C66-302E-B3BE-CE8077A6C7C9}.MinSizeRel|Win32.ActiveCfg = MinSizeRel|Win32
		{AA3DA12D-2C66-302E-B3BE-CE8077A6C7C9}.MinSizeRel|Win32.Build.0 = MinSizeRel|Win32
		{AA3DA12D-2C66-302E-B3BE-CE8077A6C7C9}.RelWithDebInfo|Win32.ActiveCfg = RelWithDebInfo|Win32
		{AA3DA12D-2C66-302E-B3BE-CE8077A6C7C9}.RelWithDebInfo|Win32.Build.0 = RelWithDebInfo|Win32
		{277F1AFD-2F05-372D-B750-977D2CB78A36}.Debug|Win32.ActiveCfg = Debug|Win32
		{277F1AFD-2F05-372D-B750-977D2CB78A36}.Debug|Win32.Build.0 = Debug|Win32
		{277F1AFD-2F05-372D-B750-977D2CB78A36}.Release|Win32.ActiveCfg = Release|Win32
		{277F1AFD-2F05-372D-B750-977D2CB78A36}.Release|Win32.Build.0 = Release|Win32
		{277F1AFD-2F05-372D-B750-977D2CB78A36}.MinSizeRel|Win32.ActiveCfg = MinSizeRel|Win32
		{277F1AFD-2F05-372D-B750-977D2CB78A36}.MinSizeRel|Win32.Build.0 = MinSizeRel|Win32
		{277F1AFD-2F05-372D-B750-977D2CB78A36}.RelWithDebInfo|Win32.ActiveCfg = RelWithDebInfo|Win32
		{277F1AFD-2F05-372D-B750-977D2CB78A36}.RelWithDebInfo|Win32.Build.0 = RelWithDebInfo|Win32
		{843442D4-08D9-3EEC-919C-464D0AF0BD50}.Debug|Win32.ActiveCfg = Debug|Win32
		{843442D4-08D9-3EEC-919C-464D0AF0BD50}.Debug|Win32.Build.0 = Debug|Win32
		{843442D4-08D9-3EEC-919C-464D0AF0BD50}.Release|Win32.ActiveCfg = Release|Win32
		{843442D4-08D9-3EEC-919C-464D0AF0BD50}.Release|Win32.Build.0 = Release|Win32
		{843442D4-08D9-3EEC-919C-464D0AF0BD50}.MinSizeRel|Win32.ActiveCfg = MinSizeRel|Win32
		{843442D4-08D9-3EEC-919C-464D0AF0BD50}.MinSizeRel|Win32.Build.0 = MinSizeRel|Win32
		{843442D4-08D9-3EEC-919C-464D0AF0BD50}.RelWithDebInfo|Win32.ActiveCfg = RelWithDebInfo|Win32
		{843442D4-08D9-3EEC-919C-464D0AF0BD50}.RelWithDebInfo|Win32.Build.0 = RelWithDebInfo|Win32
		{264A9BA6-8001-399C-89D4-3C556AA65B02}.Debug|Win32.ActiveCfg = Debug|Win32
		{264A9BA6-8001-399C-89D4-3C556AA65B02}.Debug|Win32.Build.0 = Debug|Win32
		{264A9BA6-8001-399C-89D4-3C556AA65B02}.Release|Win32.ActiveCfg = Release|Win32
		{264A9BA6-8001-399C-89D4-3C556AA65B02}.Release|Win32.Build.0 = Release|Win32
		{264A9BA6-8001-399C-89D4-3C556AA65B02}.MinSizeRel|Win32.ActiveCfg = MinSizeRel|Win32
		{264A9BA6-8001-399C-89D4-3C556AA65B02}.MinSizeRel|Win32.Build.0 = MinSizeRel|Win32
		{264A9BA6-8001-399C-89D4-3C556AA65B02}.RelWithDebInfo|Win32.ActiveCfg = RelWithDebInfo|Win32
		{264A9BA6-8001-399C-89D4-3C556AA65B02}.RelWithDebInfo|Win32.Build.0 = RelWithDebInfo|Win32
		{D2C8DCFD-1938-3B0A-BB2E-E8A253F1C286}.Debug|Win32.ActiveCfg = Debug|Win32
		{D2C8DCFD-1938-3B0A-BB2E-E8A253F1C286}.Debug|Win32.Build.0 = Debug|Win32
		{D2C8DCFD-1938-3B0A-BB2E-E8A253F1C286}.Release|Win32.ActiveCfg = Release|Win32
		{D2C8DCFD-1938-3B0A-BB2E-E8A253F1C286}.Release|Win32.Build.0 = Release|Win32
		{D2C8DCFD-1938-3B0A-BB2E-E8A253F1C286}.MinSizeRel|Win32.ActiveCfg = MinSizeRel|Win32
		{D2C8DCFD-1938-3B0A-BB2E-E8A253F1C286}.MinSizeRel|Win32.Build.0 = MinSizeRel|Win32
		{D2C8DCFD-1938-3B0A-BB2E-E8A253F1C286}.RelWithDebInfo|Win32.ActiveCfg = RelWithDebInfo|Win32
		{D2C8DCFD-1938-3B0A-BB2E-E8A253F1C286}.RelWithDebInfo|Win32.Build.0 = RelWithDebInfo|Win32
		{D5DD4E66-FC5E-3F2F-837C-B92C97CADAC2}.Debug|Win32.ActiveCfg = Debug|Win32
		{D5DD4E66-FC5E-3F2F-837C-B92C97CADAC2}.Debug|Win32.Build.0 = Debug|Win32
		{D5DD4E66-FC5E-3F2F-837C-B92C97CADAC2}.Release|Win32.ActiveCfg = Release|Win32
		{D5DD4E66-FC5E-3F2F-837C-B92C97CADAC2}.Release|Win32.Build.0 = Release|Win32
		{D5DD4E66-FC5E-3F2F-837C-B92C97CADAC2}.MinSizeRel|Win32.ActiveCfg = MinSizeRel|Win32
		{D5DD4E66-FC5E-3F2F-837C-B92C97CADAC2}.MinSizeRel|Win32.Build.0 = MinSizeRel|Win32
		{D5DD4E66-FC5E-3F2F-837C-B92C97CADAC2}.RelWithDebInfo|Win32.ActiveCfg = RelWithDebInfo|Win32
		{D5DD4E66-FC5E-3F2F-837C-B92C97CADAC2}.RelWithDebInfo|Win32.Build.0 = RelWithDebInfo|Win32
		{25C6384D-17E2-3D06-8463-C1AD051F498A}.Debug|Win32.ActiveCfg = Debug|Win32
		{25C6384D-17E2-3D06-8463-C1AD051F498A}.Debug|Win32.Build.0 = Debug|Win32
		{25C6384D-17E2-3D06-8463-C1AD051F498A}.Release|Win32.ActiveCfg = Release|Win32
		{25C6384D-17E2-3D06-8463-C1AD051F498A}.Release|Win32.Build.0 = Release|Win32
		{25C6384D-17E2-3D06-8463-C1AD051F498A}.MinSizeRel|Win32.ActiveCfg = MinSizeRel|Win32
		{25C6384D-17E2-3D06-8463-C1AD051F498A}.MinSizeRel|Win32.Build.0 = MinSizeRel|Win32
		{25C6384D-17E2-3D06-8463-C1AD051F498A}.RelWithDebInfo|Win32.ActiveCfg = RelWithDebInfo|Win32
		{25C6384D-17E2-3D06-8463-C1AD051F498A}.RelWithDebInfo|Win32.Build.0 = RelWithDebInfo|Win32
		{AB4DDBB0-978D-30AE-A340-A308019A146B}.Debug|Win32.ActiveCfg = Debug|Win32
		{AB4DDBB0-978D-30AE-A340-A308019A146B}.Debug|Win32.Build.0 = Debug|Win32
		{AB4DDBB0-978D-30AE-A340-A308019A146B}.Release|Win32.ActiveCfg = Release|Win32
		{AB4DDBB0-978D-30AE-A340-A308019A146B}.Release|Win32.Build.0 = Release|Win32
		{AB4DDBB0-978D-30AE-A340-A308019A146B}.MinSizeRel|Win32.ActiveCfg = MinSizeRel|Win32
		{AB4DDBB0-978D-30AE-A340-A308019A146B}.MinSizeRel|Win32.Build.0 = MinSizeRel|Win32
		{AB4DDBB0-978D-30AE-A340-A308019A146B}.RelWithDebInfo|Win32.ActiveCfg = RelWithDebInfo|Win32
		{AB4DDBB0-978D-30AE-A340-A308019A146B}.RelWithDebInfo|Win32.Build.0 = RelWithDebInfo|Win32
		{D8D3A615-3741-3188-BE4A-B2498A1ACADF}.Debug|Win32.ActiveCfg = Debug|Win32
		{D8D3A615-3741-3188-BE4A-B2498A1ACADF}.Debug|Win32.Build.0 = Debug|Win32
		{D8D3A615-3741-3188-BE4A-B2498A1ACADF}.Release|Win32.ActiveCfg = Release|Win32
		{D8D3A615-3741-3188-BE4A-B2498A1ACADF}.Release|Win32.Build.0 = Release|Win32
		{D8D3A615-3741-3188-BE4A-B2498A1ACADF}.MinSizeRel|Win32.ActiveCfg = MinSizeRel|Win32
		{D8D3A615-3741-3188-BE4A-B2498A1ACADF}.MinSizeRel|Win32.Build.0 = MinSizeRel|Win32
		{D8D3A615-3741-3188-BE4A-B2498A1ACADF}.RelWithDebInfo|Win32.ActiveCfg = RelWithDebInfo|Win32
		{D8D3A615-3741-3188-BE4A-B2498A1ACADF}.RelWithDebInfo|Win32.Build.0 = RelWithDebInfo|Win32
		{25AB5A1E-F200-3BBF-BA2E-DB95AB0D0BEA}.Debug|Win32.ActiveCfg = Debug|Win32
		{25AB5A1E-F200-3BBF-BA2E-DB95AB0D0BEA}.Debug|Win32.Build.0 = Debug|Win32
		{25AB5A1E-F200-3BBF-BA2E-DB95AB0D0BEA}.Release|Win32.ActiveCfg = Release|Win32
		{25AB5A1E-F200-3BBF-BA2E-DB95AB0D0BEA}.Release|Win32.Build.0 = Release|Win32
		{25AB5A1E-F200-3BBF-BA2E-DB95AB0D0BEA}.MinSizeRel|Win32.ActiveCfg = MinSizeRel|Win32
		{25AB5A1E-F200-3BBF-BA2E-DB95AB0D0BEA}.MinSizeRel|Win32.Build.0 = MinSizeRel|Win32
		{25AB5A1E-F200-3BBF-BA2E-DB95AB0D0BEA}.RelWithDebInfo|Win32.ActiveCfg = RelWithDebInfo|Win32
		{25AB5A1E-F200-3BBF-BA2E-DB95AB0D0BEA}.RelWithDebInfo|Win32.Build.0 = RelWithDebInfo|Win32
		{1CD0659F-F91F-3637-9BFD-6F7EA47FA270}.Debug|Win32.ActiveCfg = Debug|Win32
		{1CD0659F-F91F-3637-9BFD-6F7EA47FA270}.Debug|Win32.Build.0 = Debug|Win32
		{1CD0659F-F91F-3637-9BFD-6F7EA47FA270}.Release|Win32.ActiveCfg = Release|Win32
		{1CD0659F-F91F-3637-9BFD-6F7EA47FA270}.Release|Win32.Build.0 = Release|Win32
		{1CD0659F-F91F-3637-9BFD-6F7EA47FA270}.MinSizeRel|Win32.ActiveCfg = MinSizeRel|Win32
		{1CD0659F-F91F-3637-9BFD-6F7EA47FA270}.MinSizeRel|Win32.Build.0 = MinSizeRel|Win32
		{1CD0659F-F91F-3637-9BFD-6F7EA47FA270}.RelWithDebInfo|Win32.ActiveCfg = RelWithDebInfo|Win32
		{1CD0659F-F91F-3637-9BFD-6F7EA47FA270}.RelWithDebInfo|Win32.Build.0 = RelWithDebInfo|Win32
		{07C8EE40-2149-3A17-984D-C01CF2C2B0C8}.Debug|Win32.ActiveCfg = Debug|Win32
		{07C8EE40-2149-3A17-984D-C01CF2C2B0C8}.Debug|Win32.Build.0 = Debug|Win32
		{07C8EE40-2149-3A17-984D-C01CF2C2B0C8}.Release|Win32.ActiveCfg = Release|Win32
		{07C8EE40-2149-3A17-984D-C01CF2C2B0C8}.Release|Win32.Build.0 = Release|Win32
		{07C8EE40-2149-3A17-984D-C01CF2C2B0C8}.MinSizeRel|Win32.ActiveCfg = MinSizeRel|Win32
		{07C8EE40-2149-3A17-984D-C01CF2C2B0C8}.MinSizeRel|Win32.Build.0 = MinSizeRel|Win32
		{07C8EE40-2149-3A17-984D-C01CF2C2B0C8}.RelWithDebInfo|Win32.ActiveCfg = RelWithDebInfo|Win32
		{07C8EE40-2149-3A17-984D-C01CF2C2B0C8}.RelWithDebInfo|Win32.Build.0 = RelWithDebInfo|Win32
		{8292B95F-ED59-35E9-834D-8C95A18F7269}.Debug|Win32.ActiveCfg = Debug|Win32
		{8292B95F-ED59-35E9-834D-8C95A18F7269}.Debug|Win32.Build.0 = Debug|Win32
		{8292B95F-ED59-35E9-834D-8C95A18F7269}.Release|Win32.ActiveCfg = Release|Win32
		{8292B95F-ED59-35E9-834D-8C95A18F7269}.Release|Win32.Build.0 = Release|Win32
		{8292B95F-ED59-35E9-834D-8C95A18F7269}.MinSizeRel|Win32.ActiveCfg = MinSizeRel|Win32
		{8292B95F-ED59-35E9-834D-8C95A18F7269}.MinSizeRel|Win32.Build.0 = MinSizeRel|Win32
		{8292B95F-ED59-35E9-834D-8C95A18F7269}.RelWithDebInfo|Win32.ActiveCfg = RelWithDebInfo|Win32
		{8292B95F-ED59-35E9-834D-8C95A18F7269}.RelWithDebInfo|Win32.Build.0 = RelWithDebInfo|Win32
		{FB409F9F-9881-3F4A-B29A-2B12DD57C0CC}.Debug|Win32.ActiveCfg = Debug|Win32
		{FB409F9F-9881-3F4A-B29A-2B12DD57C0CC}.Debug|Win32.Build.0 = Debug|Win32
		{FB409F9F-9881-3F4A-B29A-2B12DD57C0CC}.Release|Win32.ActiveCfg = Release|Win32
		{FB409F9F-9881-3F4A-B29A-2B12DD57C0CC}.Release|Win32.Build.0 = Release|Win32
		{FB409F9F-9881-3F4A-B29A-2B12DD57C0CC}.MinSizeRel|Win32.ActiveCfg = MinSizeRel|Win32
		{FB409F9F-9881-3F4A-B29A-2B12DD57C0CC}.MinSizeRel|Win32.Build.0 = MinSizeRel|Win32
		{FB409F9F-9881-3F4A-B29A-2B12DD57C0CC}.RelWithDebInfo|Win32.ActiveCfg = RelWithDebInfo|Win32
		{FB409F9F-9881-3F4A-B29A-2B12DD57C0CC}.RelWithDebInfo|Win32.Build.0 = RelWithDebInfo|Win32
		{889FCB62-CBBE-3028-A531-02A4232A7D74}.Debug|Win32.ActiveCfg = Debug|Win32
		{889FCB62-CBBE-3028-A531-02A4232A7D74}.Debug|Win32.Build.0 = Debug|Win32
		{889FCB62-CBBE-3028-A531-02A4232A7D74}.Release|Win32.ActiveCfg = Release|Win32
		{889FCB62-CBBE-3028-A531-02A4232A7D74}.Release|Win32.Build.0 = Release|Win32
		{889FCB62-CBBE-3028-A531-02A4232A7D74}.MinSizeRel|Win32.ActiveCfg = MinSizeRel|Win32
		{889FCB62-CBBE-3028-A531-02A4232A7D74}.MinSizeRel|Win32.Build.0 = MinSizeRel|Win32
		{889FCB62-CBBE-3028-A531-02A4232A7D74}.RelWithDebInfo|Win32.ActiveCfg = RelWithDebInfo|Win32
		{889FCB62-CBBE-3028-A531-02A4232A7D74}.RelWithDebInfo|Win32.Build.0 = RelWithDebInfo|Win32
		{F9E85B1C-7931-3569-B41C-9B90805F5659}.Debug|Win32.ActiveCfg = Debug|Win32
		{F9E85B1C-7931-3569-B41C-9B90805F5659}.Debug|Win32.Build.0 = Debug|Win32
		{F9E85B1C-7931-3569-B41C-9B90805F5659}.Release|Win32.ActiveCfg = Release|Win32
		{F9E85B1C-7931-3569-B41C-9B90805F5659}.Release|Win32.Build.0 = Release|Win32
		{F9E85B1C-7931-3569-B41C-9B90805F5659}.MinSizeRel|Win32.ActiveCfg = MinSizeRel|Win32
		{F9E85B1C-7931-3569-B41C-9B90805F5659}.MinSizeRel|Win32.Build.0 = MinSizeRel|Win32
		{F9E85B1C-7931-3569-B41C-9B90805F5659}.RelWithDebInfo|Win32.ActiveCfg = RelWithDebInfo|Win32
		{F9E85B1C-7931-3569-B41C-9B90805F5659}.RelWithDebInfo|Win32.Build.0 = RelWithDebInfo|Win32
		{6BA99164-1828-3D9A-BE7C-E32A865CC458}.Debug|Win32.ActiveCfg = Debug|Win32
		{6BA99164-1828-3D9A-BE7C-E32A865CC458}.Debug|Win32.Build.0 = Debug|Win32
		{6BA99164-1828-3D9A-BE7C-E32A865CC458}.Release|Win32.ActiveCfg = Release|Win32
		{6BA99164-1828-3D9A-BE7C-E32A865CC458}.Release|Win32.Build.0 = Release|Win32
		{6BA99164-1828-3D9A-BE7C-E32A865CC458}.MinSizeRel|Win32.ActiveCfg = MinSizeRel|Win32
		{6BA99164-1828-3D9A-BE7C-E32A865CC458}.MinSizeRel|Win32.Build.0 = MinSizeRel|Win32
		{6BA99164-1828-3D9A-BE7C-E32A865CC458}.RelWithDebInfo|Win32.ActiveCfg = RelWithDebInfo|Win32
		{6BA99164-1828-3D9A-BE7C-E32A865CC458}.RelWithDebInfo|Win32.Build.0 = RelWithDebInfo|Win32
		{7B903700-9458-373A-9744-C31D92CCA24E}.Debug|Win32.ActiveCfg = Debug|Win32
		{7B903700-9458-373A-9744-C31D92CCA24E}.Debug|Win32.Build.0 = Debug|Win32
		{7B903700-9458-373A-9744-C31D92CCA24E}.Release|Win32.ActiveCfg = Release|Win32
		{7B903700-9458-373A-9744-C31D92CCA24E}.Release|Win32.Build.0 = Release|Win32
		{7B903700-9458-373A-9744-C31D92CCA24E}.MinSizeRel|Win32.ActiveCfg = MinSizeRel|Win32
		{7B903700-9458-373A-9744-C31D92CCA24E}.MinSizeRel|Win32.Build.0 = MinSizeRel|Win32
		{7B903700-9458-373A-9744-C31D92CCA24E}.RelWithDebInfo|Win32.ActiveCfg = RelWithDebInfo|Win32
		{7B903700-9458-373A-9744-C31D92CCA24E}.RelWithDebInfo|Win32.Build.0 = RelWithDebInfo|Win32
		{96847F7C-5A66-385E-9506-BCA099AE7631}.Debug|Win32.ActiveCfg = Debug|Win32
		{96847F7C-5A66-385E-9506-BCA099AE7631}.Debug|Win32.Build.0 = Debug|Win32
		{96847F7C-5A66-385E-9506-BCA099AE7631}.Release|Win32.ActiveCfg = Release|Win32
		{96847F7C-5A66-385E-9506-BCA099AE7631}.Release|Win32.Build.0 = Release|Win32
		{96847F7C-5A66-385E-9506-BCA099AE7631}.MinSizeRel|Win32.ActiveCfg = MinSizeRel|Win32
		{96847F7C-5A66-385E-9506-BCA099AE7631}.MinSizeRel|Win32.Build.0 = MinSizeRel|Win32
		{96847F7C-5A66-385E-9506-BCA099AE7631}.RelWithDebInfo|Win32.ActiveCfg = RelWithDebInfo|Win32
		{96847F7C-5A66-385E-9506-BCA099AE7631}.RelWithDebInfo|Win32.Build.0 = RelWithDebInfo|Win32
		{4F358029-FD44-39C2-B8C6-BAC25AC8870C}.Debug|Win32.ActiveCfg = Debug|Win32
		{4F358029-FD44-39C2-B8C6-BAC25AC8870C}.Debug|Win32.Build.0 = Debug|Win32
		{4F358029-FD44-39C2-B8C6-BAC25AC8870C}.Release|Win32.ActiveCfg = Release|Win32
		{4F358029-FD44-39C2-B8C6-BAC25AC8870C}.Release|Win32.Build.0 = Release|Win32
		{4F358029-FD44-39C2-B8C6-BAC25AC8870C}.MinSizeRel|Win32.ActiveCfg = MinSizeRel|Win32
		{4F358029-FD44-39C2-B8C6-BAC25AC8870C}.MinSizeRel|Win32.Build.0 = MinSizeRel|Win32
		{4F358029-FD44-39C2-B8C6-BAC25AC8870C}.RelWithDebInfo|Win32.ActiveCfg = RelWithDebInfo|Win32
		{4F358029-FD44-39C2-B8C6-BAC25AC8870C}.RelWithDebInfo|Win32.Build.0 = RelWithDebInfo|Win32
		{9D1AC536-D77E-31DA-B5C4-4DAF1865D5A5}.Debug|Win32.ActiveCfg = Debug|Win32
		{9D1AC536-D77E-31DA-B5C4-4DAF1865D5A5}.Debug|Win32.Build.0 = Debug|Win32
		{9D1AC536-D77E-31DA-B5C4-4DAF1865D5A5}.Release|Win32.ActiveCfg = Release|Win32
		{9D1AC536-D77E-31DA-B5C4-4DAF1865D5A5}.Release|Win32.Build.0 = Release|Win32
		{9D1AC536-D77E-31DA-B5C4-4DAF1865D5A5}.MinSizeRel|Win32.ActiveCfg = MinSizeRel|Win32
		{9D1AC536-D77E-31DA-B5C4-4DAF1865D5A5}.MinSizeRel|Win32.Build.0 = MinSizeRel|Win32
		{9D1AC536-D77E-31DA-B5C4-4DAF1865D5A5}.RelWithDebInfo|Win32.ActiveCfg = RelWithDebInfo|Win32
		{9D1AC536-D77E-31DA-B5C4-4DAF1865D5A5}.RelWithDebInfo|Win32.Build.0 = RelWithDebInfo|Win32
		{24FBE157-8CDF-3BF7-8689-353B850F6CF0}.Debug|Win32.ActiveCfg = Debug|Win32
		{24FBE157-8CDF-3BF7-8689-353B850F6CF0}.Debug|Win32.Build.0 = Debug|Win32
		{24FBE157-8CDF-3BF7-8689-353B850F6CF0}.Release|Win32.ActiveCfg = Release|Win32
		{24FBE157-8CDF-3BF7-8689-353B850F6CF0}.Release|Win32.Build.0 = Release|Win32
		{24FBE157-8CDF-3BF7-8689-353B850F6CF0}.MinSizeRel|Win32.ActiveCfg = MinSizeRel|Win32
		{24FBE157-8CDF-3BF7-8689-353B850F6CF0}.MinSizeRel|Win32.Build.0 = MinSizeRel|Win32
		{24FBE157-8CDF-3BF7-8689-353B850F6CF0}.RelWithDebInfo|Win32.ActiveCfg = RelWithDebInfo|Win32
		{24FBE157-8CDF-3BF7-8689-353B850F6CF0}.RelWithDebInfo|Win32.Build.0 = RelWithDebInfo|Win32
		{491318EC-E248-3AB0-892D-3D37B1BF5004}.Debug|Win32.ActiveCfg = Debug|Win32
		{491318EC-E248-3AB0-892D-3D37B1BF5004}.Release|Win32.ActiveCfg = Release|Win32
		{491318EC-E248-3AB0-892D-3D37B1BF5004}.MinSizeRel|Win32.ActiveCfg = MinSizeRel|Win32
		{491318EC-E248-3AB0-892D-3D37B1BF5004}.RelWithDebInfo|Win32.ActiveCfg = RelWithDebInfo|Win32
		{D96DDFD6-96B6-3F04-918A-B0E3C0AD943A}.Debug|Win32.ActiveCfg = Debug|Win32
		{D96DDFD6-96B6-3F04-918A-B0E3C0AD943A}.Debug|Win32.Build.0 = Debug|Win32
		{D96DDFD6-96B6-3F04-918A-B0E3C0AD943A}.Release|Win32.ActiveCfg = Release|Win32
		{D96DDFD6-96B6-3F04-918A-B0E3C0AD943A}.Release|Win32.Build.0 = Release|Win32
		{D96DDFD6-96B6-3F04-918A-B0E3C0AD943A}.MinSizeRel|Win32.ActiveCfg = MinSizeRel|Win32
		{D96DDFD6-96B6-3F04-918A-B0E3C0AD943A}.MinSizeRel|Win32.Build.0 = MinSizeRel|Win32
		{D96DDFD6-96B6-3F04-918A-B0E3C0AD943A}.RelWithDebInfo|Win32.ActiveCfg = RelWithDebInfo|Win32
		{D96DDFD6-96B6-3F04-918A-B0E3C0AD943A}.RelWithDebInfo|Win32.Build.0 = RelWithDebInfo|Win32
		{D2A14040-4B48-33EF-833D-2F7FC9DD8B68}.Debug|Win32.ActiveCfg = Debug|Win32
		{D2A14040-4B48-33EF-833D-2F7FC9DD8B68}.Debug|Win32.Build.0 = Debug|Win32
		{D2A14040-4B48-33EF-833D-2F7FC9DD8B68}.Release|Win32.ActiveCfg = Release|Win32
		{D2A14040-4B48-33EF-833D-2F7FC9DD8B68}.Release|Win32.Build.0 = Release|Win32
		{D2A14040-4B48-33EF-833D-2F7FC9DD8B68}.MinSizeRel|Win32.ActiveCfg = MinSizeRel|Win32
		{D2A14040-4B48-33EF-833D-2F7FC9DD8B68}.MinSizeRel|Win32.Build.0 = MinSizeRel|Win32
		{D2A14040-4B48-33EF-833D-2F7FC9DD8B68}.RelWithDebInfo|Win32.ActiveCfg = RelWithDebInfo|Win32
		{D2A14040-4B48-33EF-833D-2F7FC9DD8B68}.RelWithDebInfo|Win32.Build.0 = RelWithDebInfo|Win32
		{0251CD65-FF88-3327-875A-4C54294A6CA8}.Debug|Win32.ActiveCfg = Debug|Win32
		{0251CD65-FF88-3327-875A-4C54294A6CA8}.Release|Win32.ActiveCfg = Release|Win32
		{0251CD65-FF88-3327-875A-4C54294A6CA8}.MinSizeRel|Win32.ActiveCfg = MinSizeRel|Win32
		{0251CD65-FF88-3327-875A-4C54294A6CA8}.RelWithDebInfo|Win32.ActiveCfg = RelWithDebInfo|Win32
		{0C96846E-6240-3DAE-A48D-7C27D731ED0E}.Debug|Win32.ActiveCfg = Debug|Win32
		{0C96846E-6240-3DAE-A48D-7C27D731ED0E}.Debug|Win32.Build.0 = Debug|Win32
		{0C96846E-6240-3DAE-A48D-7C27D731ED0E}.Release|Win32.ActiveCfg = Release|Win32
		{0C96846E-6240-3DAE-A48D-7C27D731ED0E}.Release|Win32.Build.0 = Release|Win32
		{0C96846E-6240-3DAE-A48D-7C27D731ED0E}.MinSizeRel|Win32.ActiveCfg = MinSizeRel|Win32
		{0C96846E-6240-3DAE-A48D-7C27D731ED0E}.MinSizeRel|Win32.Build.0 = MinSizeRel|Win32
		{0C96846E-6240-3DAE-A48D-7C27D731ED0E}.RelWithDebInfo|Win32.ActiveCfg = RelWithDebInfo|Win32
		{0C96846E-6240-3DAE-A48D-7C27D731ED0E}.RelWithDebInfo|Win32.Build.0 = RelWithDebInfo|Win32
		{E94AA0BF-6B8A-3940-BD70-39678BD6D4A9}.Debug|Win32.ActiveCfg = Debug|Win32
		{E94AA0BF-6B8A-3940-BD70-39678BD6D4A9}.Debug|Win32.Build.0 = Debug|Win32
		{E94AA0BF-6B8A-3940-BD70-39678BD6D4A9}.Release|Win32.ActiveCfg = Release|Win32
		{E94AA0BF-6B8A-3940-BD70-39678BD6D4A9}.Release|Win32.Build.0 = Release|Win32
		{E94AA0BF-6B8A-3940-BD70-39678BD6D4A9}.MinSizeRel|Win32.ActiveCfg = MinSizeRel|Win32
		{E94AA0BF-6B8A-3940-BD70-39678BD6D4A9}.MinSizeRel|Win32.Build.0 = MinSizeRel|Win32
		{E94AA0BF-6B8A-3940-BD70-39678BD6D4A9}.RelWithDebInfo|Win32.ActiveCfg = RelWithDebInfo|Win32
		{E94AA0BF-6B8A-3940-BD70-39678BD6D4A9}.RelWithDebInfo|Win32.Build.0 = RelWithDebInfo|Win32
		{F169238B-D1EF-3A3D-B3E2-C8D789083444}.Debug|Win32.ActiveCfg = Debug|Win32
		{F169238B-D1EF-3A3D-B3E2-C8D789083444}.Debug|Win32.Build.0 = Debug|Win32
		{F169238B-D1EF-3A3D-B3E2-C8D789083444}.Release|Win32.ActiveCfg = Release|Win32
		{F169238B-D1EF-3A3D-B3E2-C8D789083444}.Release|Win32.Build.0 = Release|Win32
		{F169238B-D1EF-3A3D-B3E2-C8D789083444}.MinSizeRel|Win32.ActiveCfg = MinSizeRel|Win32
		{F169238B-D1EF-3A3D-B3E2-C8D789083444}.MinSizeRel|Win32.Build.0 = MinSizeRel|Win32
		{F169238B-D1EF-3A3D-B3E2-C8D789083444}.RelWithDebInfo|Win32.ActiveCfg = RelWithDebInfo|Win32
		{F169238B-D1EF-3A3D-B3E2-C8D789083444}.RelWithDebInfo|Win32.Build.0 = RelWithDebInfo|Win32
		{579D20F7-9F04-381B-BB45-897B0A0D2E76}.Debug|Win32.ActiveCfg = Debug|Win32
		{579D20F7-9F04-381B-BB45-897B0A0D2E76}.Debug|Win32.Build.0 = Debug|Win32
		{579D20F7-9F04-381B-BB45-897B0A0D2E76}.Release|Win32.ActiveCfg = Release|Win32
		{579D20F7-9F04-381B-BB45-897B0A0D2E76}.Release|Win32.Build.0 = Release|Win32
		{579D20F7-9F04-381B-BB45-897B0A0D2E76}.MinSizeRel|Win32.ActiveCfg = MinSizeRel|Win32
		{579D20F7-9F04-381B-BB45-897B0A0D2E76}.MinSizeRel|Win32.Build.0 = MinSizeRel|Win32
		{579D20F7-9F04-381B-BB45-897B0A0D2E76}.RelWithDebInfo|Win32.ActiveCfg = RelWithDebInfo|Win32
		{579D20F7-9F04-381B-BB45-897B0A0D2E76}.RelWithDebInfo|Win32.Build.0 = RelWithDebInfo|Win32
		{5ABF0378-7D4C-3DF6-8C3B-5F0D3AB55833}.Debug|Win32.ActiveCfg = Debug|Win32
		{5ABF0378-7D4C-3DF6-8C3B-5F0D3AB55833}.Debug|Win32.Build.0 = Debug|Win32
		{5ABF0378-7D4C-3DF6-8C3B-5F0D3AB55833}.Release|Win32.ActiveCfg = Release|Win32
		{5ABF0378-7D4C-3DF6-8C3B-5F0D3AB55833}.Release|Win32.Build.0 = Release|Win32
		{5ABF0378-7D4C-3DF6-8C3B-5F0D3AB55833}.MinSizeRel|Win32.ActiveCfg = MinSizeRel|Win32
		{5ABF0378-7D4C-3DF6-8C3B-5F0D3AB55833}.MinSizeRel|Win32.Build.0 = MinSizeRel|Win32
		{5ABF0378-7D4C-3DF6-8C3B-5F0D3AB55833}.RelWithDebInfo|Win32.ActiveCfg = RelWithDebInfo|Win32
		{5ABF0378-7D4C-3DF6-8C3B-5F0D3AB55833}.RelWithDebInfo|Win32.Build.0 = RelWithDebInfo|Win32
		{A0779846-9B95-35AF-BC5B-B5BA71821057}.Debug|Win32.ActiveCfg = Debug|Win32
		{A0779846-9B95-35AF-BC5B-B5BA71821057}.Debug|Win32.Build.0 = Debug|Win32
		{A0779846-9B95-35AF-BC5B-B5BA71821057}.Release|Win32.ActiveCfg = Release|Win32
		{A0779846-9B95-35AF-BC5B-B5BA71821057}.Release|Win32.Build.0 = Release|Win32
		{A0779846-9B95-35AF-BC5B-B5BA71821057}.MinSizeRel|Win32.ActiveCfg = MinSizeRel|Win32
		{A0779846-9B95-35AF-BC5B-B5BA71821057}.MinSizeRel|Win32.Build.0 = MinSizeRel|Win32
		{A0779846-9B95-35AF-BC5B-B5BA71821057}.RelWithDebInfo|Win32.ActiveCfg = RelWithDebInfo|Win32
		{A0779846-9B95-35AF-BC5B-B5BA71821057}.RelWithDebInfo|Win32.Build.0 = RelWithDebInfo|Win32
		{CB84989B-1527-3008-970D-579E0055E67D}.Debug|Win32.ActiveCfg = Debug|Win32
		{CB84989B-1527-3008-970D-579E0055E67D}.Debug|Win32.Build.0 = Debug|Win32
		{CB84989B-1527-3008-970D-579E0055E67D}.Release|Win32.ActiveCfg = Release|Win32
		{CB84989B-1527-3008-970D-579E0055E67D}.Release|Win32.Build.0 = Release|Win32
		{CB84989B-1527-3008-970D-579E0055E67D}.MinSizeRel|Win32.ActiveCfg = MinSizeRel|Win32
		{CB84989B-1527-3008-970D-579E0055E67D}.MinSizeRel|Win32.Build.0 = MinSizeRel|Win32
		{CB84989B-1527-3008-970D-579E0055E67D}.RelWithDebInfo|Win32.ActiveCfg = RelWithDebInfo|Win32
		{CB84989B-1527-3008-970D-579E0055E67D}.RelWithDebInfo|Win32.Build.0 = RelWithDebInfo|Win32
		{8A496263-3AF1-3AEC-9B2C-74AD342519D2}.Debug|Win32.ActiveCfg = Debug|Win32
		{8A496263-3AF1-3AEC-9B2C-74AD342519D2}.Debug|Win32.Build.0 = Debug|Win32
		{8A496263-3AF1-3AEC-9B2C-74AD342519D2}.Release|Win32.ActiveCfg = Release|Win32
		{8A496263-3AF1-3AEC-9B2C-74AD342519D2}.Release|Win32.Build.0 = Release|Win32
		{8A496263-3AF1-3AEC-9B2C-74AD342519D2}.MinSizeRel|Win32.ActiveCfg = MinSizeRel|Win32
		{8A496263-3AF1-3AEC-9B2C-74AD342519D2}.MinSizeRel|Win32.Build.0 = MinSizeRel|Win32
		{8A496263-3AF1-3AEC-9B2C-74AD342519D2}.RelWithDebInfo|Win32.ActiveCfg = RelWithDebInfo|Win32
		{8A496263-3AF1-3AEC-9B2C-74AD342519D2}.RelWithDebInfo|Win32.Build.0 = RelWithDebInfo|Win32
		{495081D8-AAD8-32DA-BDAA-0453E0106CD9}.Debug|Win32.ActiveCfg = Debug|Win32
		{495081D8-AAD8-32DA-BDAA-0453E0106CD9}.Debug|Win32.Build.0 = Debug|Win32
		{495081D8-AAD8-32DA-BDAA-0453E0106CD9}.Release|Win32.ActiveCfg = Release|Win32
		{495081D8-AAD8-32DA-BDAA-0453E0106CD9}.Release|Win32.Build.0 = Release|Win32
		{495081D8-AAD8-32DA-BDAA-0453E0106CD9}.MinSizeRel|Win32.ActiveCfg = MinSizeRel|Win32
		{495081D8-AAD8-32DA-BDAA-0453E0106CD9}.MinSizeRel|Win32.Build.0 = MinSizeRel|Win32
		{495081D8-AAD8-32DA-BDAA-0453E0106CD9}.RelWithDebInfo|Win32.ActiveCfg = RelWithDebInfo|Win32
		{495081D8-AAD8-32DA-BDAA-0453E0106CD9}.RelWithDebInfo|Win32.Build.0 = RelWithDebInfo|Win32
		{13F61D29-E723-3A92-AFC9-71C047C89685}.Debug|Win32.ActiveCfg = Debug|Win32
		{13F61D29-E723-3A92-AFC9-71C047C89685}.Debug|Win32.Build.0 = Debug|Win32
		{13F61D29-E723-3A92-AFC9-71C047C89685}.Release|Win32.ActiveCfg = Release|Win32
		{13F61D29-E723-3A92-AFC9-71C047C89685}.Release|Win32.Build.0 = Release|Win32
		{13F61D29-E723-3A92-AFC9-71C047C89685}.MinSizeRel|Win32.ActiveCfg = MinSizeRel|Win32
		{13F61D29-E723-3A92-AFC9-71C047C89685}.MinSizeRel|Win32.Build.0 = MinSizeRel|Win32
		{13F61D29-E723-3A92-AFC9-71C047C89685}.RelWithDebInfo|Win32.ActiveCfg = RelWithDebInfo|Win32
		{13F61D29-E723-3A92-AFC9-71C047C89685}.RelWithDebInfo|Win32.Build.0 = RelWithDebInfo|Win32
		{73C045EA-6062-3EC5-AC32-AC3E6B51B223}.Debug|Win32.ActiveCfg = Debug|Win32
		{73C045EA-6062-3EC5-AC32-AC3E6B51B223}.Debug|Win32.Build.0 = Debug|Win32
		{73C045EA-6062-3EC5-AC32-AC3E6B51B223}.Release|Win32.ActiveCfg = Release|Win32
		{73C045EA-6062-3EC5-AC32-AC3E6B51B223}.Release|Win32.Build.0 = Release|Win32
		{73C045EA-6062-3EC5-AC32-AC3E6B51B223}.MinSizeRel|Win32.ActiveCfg = MinSizeRel|Win32
		{73C045EA-6062-3EC5-AC32-AC3E6B51B223}.MinSizeRel|Win32.Build.0 = MinSizeRel|Win32
		{73C045EA-6062-3EC5-AC32-AC3E6B51B223}.RelWithDebInfo|Win32.ActiveCfg = RelWithDebInfo|Win32
		{73C045EA-6062-3EC5-AC32-AC3E6B51B223}.RelWithDebInfo|Win32.Build.0 = RelWithDebInfo|Win32
	EndGlobalSection
	GlobalSection(ExtensibilityGlobals) = postSolution
	EndGlobalSection
	GlobalSection(ExtensibilityAddIns) = postSolution
	EndGlobalSection
EndGlobal
